{
  "version": 4,
  "terraform_version": "0.12.19",
  "serial": 667,
  "lineage": "e573c8dd-be7a-3807-0fa2-32bb795c34ac",
  "outputs": {},
  "resources": [
    {
      "mode": "data",
      "type": "aws_ami",
      "name": "ubuntu_bionic",
      "provider": "provider.aws",
      "instances": [
        {
          "schema_version": 0,
          "attributes": {
            "architecture": "x86_64",
            "block_device_mappings": [
              {
                "device_name": "/dev/sda1",
                "ebs": {
                  "delete_on_termination": "true",
                  "encrypted": "false",
                  "iops": "0",
                  "snapshot_id": "snap-02d0f1e3d04fe69ea",
                  "volume_size": "8",
                  "volume_type": "gp2"
                },
                "no_device": "",
                "virtual_name": ""
              },
              {
                "device_name": "/dev/sdb",
                "ebs": {},
                "no_device": "",
                "virtual_name": "ephemeral0"
              },
              {
                "device_name": "/dev/sdc",
                "ebs": {},
                "no_device": "",
                "virtual_name": "ephemeral1"
              }
            ],
            "creation_date": "2020-03-24T20:56:43.000Z",
            "description": "Canonical, Ubuntu, 18.04 LTS, amd64 bionic image build on 2020-03-23",
            "executable_users": null,
            "filter": [
              {
                "name": "name",
                "values": [
                  "ubuntu/images/hvm-ssd/ubuntu-bionic-18.04-amd64-server-*"
                ]
              }
            ],
            "hypervisor": "xen",
            "id": "ami-0ed2df11a6d41ea78",
            "image_id": "ami-0ed2df11a6d41ea78",
            "image_location": "099720109477/ubuntu/images/hvm-ssd/ubuntu-bionic-18.04-amd64-server-20200323",
            "image_owner_alias": null,
            "image_type": "machine",
            "kernel_id": null,
            "most_recent": true,
            "name": "ubuntu/images/hvm-ssd/ubuntu-bionic-18.04-amd64-server-20200323",
            "name_regex": null,
            "owner_id": "099720109477",
            "owners": [
              "099720109477"
            ],
            "platform": null,
            "product_codes": [],
            "public": true,
            "ramdisk_id": null,
            "root_device_name": "/dev/sda1",
            "root_device_type": "ebs",
            "root_snapshot_id": "snap-02d0f1e3d04fe69ea",
            "sriov_net_support": "simple",
            "state": "available",
            "state_reason": {
              "code": "UNSET",
              "message": "UNSET"
            },
            "tags": {},
            "virtualization_type": "hvm"
          }
        }
      ]
    },
    {
      "module": "module.vpc",
      "mode": "data",
      "type": "aws_availability_zones",
      "name": "available",
      "provider": "provider.aws",
      "instances": [
        {
          "schema_version": 0,
          "attributes": {
            "all_availability_zones": null,
            "blacklisted_names": null,
            "blacklisted_zone_ids": null,
            "filter": null,
            "group_names": [
              "eu-west-2"
            ],
            "id": "2020-04-02 16:38:47.15344217 +0000 UTC",
            "names": [
              "eu-west-2a",
              "eu-west-2b",
              "eu-west-2c"
            ],
            "state": null,
            "zone_ids": [
              "euw2-az2",
              "euw2-az3",
              "euw2-az1"
            ]
          }
        }
      ]
    },
    {
      "mode": "data",
      "type": "aws_availability_zones",
      "name": "opted-in",
      "provider": "provider.aws",
      "instances": [
        {
          "schema_version": 0,
          "attributes": {
            "all_availability_zones": null,
            "blacklisted_names": null,
            "blacklisted_zone_ids": null,
            "filter": [
              {
                "name": "opt-in-status",
                "values": [
                  "opt-in-not-required"
                ]
              }
            ],
            "group_names": [
              "eu-west-2"
            ],
            "id": "2020-04-02 16:38:47.152339161 +0000 UTC",
            "names": [
              "eu-west-2a",
              "eu-west-2b",
              "eu-west-2c"
            ],
            "state": null,
            "zone_ids": [
              "euw2-az2",
              "euw2-az3",
              "euw2-az1"
            ]
          }
        }
      ]
    },
    {
      "mode": "data",
      "type": "template_file",
      "name": "cloud-init",
      "provider": "provider.template",
      "instances": [
        {
          "schema_version": 0,
          "attributes": {
            "filename": null,
            "id": "430f0b23ff1de1d8bf45116126193bafd9e678c941e0cdecaf108a06ba9fdf17",
            "rendered": "#!/usr/bin/env bash\nset -ueo pipefail\necho 'Configuring prometheus EBS'\n# adapted from\n# https://medium.com/@moonape1226/mount-aws-ebs-on-ec2-automatically-with-cloud-init-e5e837e5438a\n# [Last accessed on 2020-04-02]\nvol=\"\"\nwhile [ -z \"$vol\" ] ; do\n  vol=$(lsblk | grep -e disk | awk '{sub(\"G\",\"\",$4)} {if ($4+0 == 100) print $1}')\n  echo \"waiting for ebs data volume\"\n  sleep 5\ndone\nmkdir -p /srv/prometheus\necho \"found volume /dev/$vol\"\nif [ -z \"$(lsblk | grep \"$vol\" | awk '{print $7}')\" ] ; then\n  if file -s \"/dev/$vol\" | grep -q \": data\" ; then\n    echo \"volume /dev/$vol is not formatted ; formatting\"\n    mkfs -F -t ext4   \"/dev/$vol\"\n  fi\n  echo \"volume /dev/$vol is formatted\"\n  if [ -z \"$(lsblk | grep \"$vol\" | awk '{print $7}')\" ] ; then\n    echo \"volume /dev/$vol is not mounted ; mounting\"\n    mount \"/dev/$vol\" /srv/prometheus\n  fi\n  echo \"volume /dev/$vol is mounted ; writing fstab entry\"\n  if grep -qv \"/dev/$vol\" /etc/fstab ; then\n    UUID=$(blkid /dev/$vol -s UUID -o value)\n    echo \"UUID=$UUID /srv/prometheus ext4 defaults,nofail 0 2\" \u003e\u003e /etc/fstab\n  fi\nfi\n\necho \"This string will be used to cause the instance to cycle.\"\n",
            "template": "#!/usr/bin/env bash\nset -ueo pipefail\necho 'Configuring prometheus EBS'\n# adapted from\n# https://medium.com/@moonape1226/mount-aws-ebs-on-ec2-automatically-with-cloud-init-e5e837e5438a\n# [Last accessed on 2020-04-02]\nvol=\"\"\nwhile [ -z \"$vol\" ] ; do\n  vol=$(lsblk | grep -e disk | awk '{sub(\"G\",\"\",$4)} {if ($4+0 == ${volume_size}) print $1}')\n  echo \"waiting for ebs data volume\"\n  sleep 5\ndone\nmkdir -p /srv/prometheus\necho \"found volume /dev/$vol\"\nif [ -z \"$(lsblk | grep \"$vol\" | awk '{print $7}')\" ] ; then\n  if file -s \"/dev/$vol\" | grep -q \": data\" ; then\n    echo \"volume /dev/$vol is not formatted ; formatting\"\n    mkfs -F -t ext4   \"/dev/$vol\"\n  fi\n  echo \"volume /dev/$vol is formatted\"\n  if [ -z \"$(lsblk | grep \"$vol\" | awk '{print $7}')\" ] ; then\n    echo \"volume /dev/$vol is not mounted ; mounting\"\n    mount \"/dev/$vol\" /srv/prometheus\n  fi\n  echo \"volume /dev/$vol is mounted ; writing fstab entry\"\n  if grep -qv \"/dev/$vol\" /etc/fstab ; then\n    UUID=$(blkid /dev/$vol -s UUID -o value)\n    echo \"UUID=$UUID /srv/prometheus ext4 defaults,nofail 0 2\" \u003e\u003e /etc/fstab\n  fi\nfi\n\necho \"This string will be used to cause the instance to cycle.\"\n",
            "vars": {
              "volume_size": "100"
            }
          }
        }
      ]
    },
    {
      "mode": "managed",
      "type": "aws_ebs_volume",
      "name": "volume-mount-test",
      "each": "list",
      "provider": "provider.aws",
      "instances": [
        {
          "index_key": 0,
          "schema_version": 0,
          "attributes": {
            "arn": "arn:aws:ec2:eu-west-2:626298535712:volume/vol-00395430e26944d19",
            "availability_zone": "eu-west-2a",
            "encrypted": true,
            "id": "vol-00395430e26944d19",
            "iops": 300,
            "kms_key_id": "arn:aws:kms:eu-west-2:626298535712:key/b43d4791-d8ac-48a1-9627-8f8f9efc6e81",
            "size": 100,
            "snapshot_id": "",
            "tags": null,
            "type": "gp2"
          },
          "private": "bnVsbA=="
        },
        {
          "index_key": 1,
          "schema_version": 0,
          "attributes": {
            "arn": "arn:aws:ec2:eu-west-2:626298535712:volume/vol-0018978086da740e1",
            "availability_zone": "eu-west-2b",
            "encrypted": true,
            "id": "vol-0018978086da740e1",
            "iops": 300,
            "kms_key_id": "arn:aws:kms:eu-west-2:626298535712:key/b43d4791-d8ac-48a1-9627-8f8f9efc6e81",
            "size": 100,
            "snapshot_id": "",
            "tags": null,
            "type": "gp2"
          },
          "private": "bnVsbA=="
        },
        {
          "index_key": 2,
          "schema_version": 0,
          "attributes": {
            "arn": "arn:aws:ec2:eu-west-2:626298535712:volume/vol-02d1e9118c9ea21ab",
            "availability_zone": "eu-west-2c",
            "encrypted": true,
            "id": "vol-02d1e9118c9ea21ab",
            "iops": 300,
            "kms_key_id": "arn:aws:kms:eu-west-2:626298535712:key/b43d4791-d8ac-48a1-9627-8f8f9efc6e81",
            "size": 100,
            "snapshot_id": "",
            "tags": null,
            "type": "gp2"
          },
          "private": "bnVsbA=="
        }
      ]
    },
    {
      "module": "module.vpc",
      "mode": "managed",
      "type": "aws_eip",
      "name": "nateip",
      "each": "list",
      "provider": "provider.aws",
      "instances": [
        {
          "index_key": 0,
          "schema_version": 0,
          "attributes": {
            "allocation_id": null,
            "associate_with_private_ip": null,
            "association_id": "",
            "domain": "vpc",
            "id": "eipalloc-06ccaf30370710741",
            "instance": "",
            "network_interface": "",
            "private_dns": null,
            "private_ip": "",
            "public_dns": "ec2-3-11-201-234.eu-west-2.compute.amazonaws.com",
            "public_ip": "3.11.201.234",
            "public_ipv4_pool": "amazon",
            "tags": {
              "application": "volume-mount-test"
            },
            "timeouts": null,
            "vpc": true
          },
          "private": "eyJlMmJmYjczMC1lY2FhLTExZTYtOGY4OC0zNDM2M2JjN2M0YzAiOnsiZGVsZXRlIjoxODAwMDAwMDAwMDAsInJlYWQiOjkwMDAwMDAwMDAwMCwidXBkYXRlIjozMDAwMDAwMDAwMDB9fQ=="
        },
        {
          "index_key": 1,
          "schema_version": 0,
          "attributes": {
            "allocation_id": null,
            "associate_with_private_ip": null,
            "association_id": "",
            "domain": "vpc",
            "id": "eipalloc-0ed252c8dc1a0a85c",
            "instance": "",
            "network_interface": "",
            "private_dns": null,
            "private_ip": "",
            "public_dns": "ec2-35-179-85-46.eu-west-2.compute.amazonaws.com",
            "public_ip": "35.179.85.46",
            "public_ipv4_pool": "amazon",
            "tags": {
              "application": "volume-mount-test"
            },
            "timeouts": null,
            "vpc": true
          },
          "private": "eyJlMmJmYjczMC1lY2FhLTExZTYtOGY4OC0zNDM2M2JjN2M0YzAiOnsiZGVsZXRlIjoxODAwMDAwMDAwMDAsInJlYWQiOjkwMDAwMDAwMDAwMCwidXBkYXRlIjozMDAwMDAwMDAwMDB9fQ=="
        },
        {
          "index_key": 2,
          "schema_version": 0,
          "attributes": {
            "allocation_id": null,
            "associate_with_private_ip": null,
            "association_id": "",
            "domain": "vpc",
            "id": "eipalloc-0528a669e99ad116a",
            "instance": "",
            "network_interface": "",
            "private_dns": null,
            "private_ip": "",
            "public_dns": "ec2-3-9-137-113.eu-west-2.compute.amazonaws.com",
            "public_ip": "3.9.137.113",
            "public_ipv4_pool": "amazon",
            "tags": {
              "application": "volume-mount-test"
            },
            "timeouts": null,
            "vpc": true
          },
          "private": "eyJlMmJmYjczMC1lY2FhLTExZTYtOGY4OC0zNDM2M2JjN2M0YzAiOnsiZGVsZXRlIjoxODAwMDAwMDAwMDAsInJlYWQiOjkwMDAwMDAwMDAwMCwidXBkYXRlIjozMDAwMDAwMDAwMDB9fQ=="
        }
      ]
    },
    {
      "mode": "managed",
      "type": "aws_iam_instance_profile",
      "name": "volume-mount-test",
      "provider": "provider.aws",
      "instances": [
        {
          "schema_version": 0,
          "attributes": {
            "arn": "arn:aws:iam::626298535712:instance-profile/volume-mount-test",
            "create_date": "2020-04-02T16:38:57Z",
            "id": "volume-mount-test",
            "name": "volume-mount-test",
            "name_prefix": null,
            "path": "/",
            "role": "volume-mount-test",
            "roles": [],
            "unique_id": "AIPAZDUSNH4QLRSKBZR6J"
          },
          "private": "bnVsbA==",
          "dependencies": [
            "aws_iam_role.volume-mount-test"
          ]
        }
      ]
    },
    {
      "mode": "managed",
      "type": "aws_iam_role",
      "name": "volume-mount-test",
      "provider": "provider.aws",
      "instances": [
        {
          "schema_version": 0,
          "attributes": {
            "arn": "arn:aws:iam::626298535712:role/volume-mount-test",
            "assume_role_policy": "{\"Version\":\"2012-10-17\",\"Statement\":[{\"Sid\":\"\",\"Effect\":\"Allow\",\"Principal\":{\"Service\":\"ec2.amazonaws.com\"},\"Action\":\"sts:AssumeRole\"}]}",
            "create_date": "2020-04-02T16:38:56Z",
            "description": "",
            "force_detach_policies": false,
            "id": "volume-mount-test",
            "max_session_duration": 3600,
            "name": "volume-mount-test",
            "name_prefix": null,
            "path": "/",
            "permissions_boundary": null,
            "tags": null,
            "unique_id": "AROAZDUSNH4QOYTIYP5HT"
          },
          "private": "bnVsbA=="
        }
      ]
    },
    {
      "mode": "managed",
      "type": "aws_iam_role_policy_attachment",
      "name": "volume-mount-test",
      "provider": "provider.aws",
      "instances": [
        {
          "schema_version": 0,
          "attributes": {
            "id": "volume-mount-test-20200402163857322400000001",
            "policy_arn": "arn:aws:iam::aws:policy/AmazonSSMManagedInstanceCore",
            "role": "volume-mount-test"
          },
          "private": "bnVsbA==",
          "dependencies": [
            "aws_iam_role.volume-mount-test"
          ]
        }
      ]
    },
    {
      "mode": "managed",
      "type": "aws_instance",
      "name": "volume-mount-test",
      "each": "list",
      "provider": "provider.aws",
      "instances": [
        {
          "index_key": 0,
          "schema_version": 1,
          "attributes": {
            "ami": "ami-0ed2df11a6d41ea78",
            "arn": "arn:aws:ec2:eu-west-2:626298535712:instance/i-024890fb90d202c36",
            "associate_public_ip_address": false,
            "availability_zone": "eu-west-2a",
            "cpu_core_count": 1,
            "cpu_threads_per_core": 2,
            "credit_specification": [
              {
                "cpu_credits": "unlimited"
              }
            ],
            "disable_api_termination": false,
            "ebs_block_device": [],
            "ebs_optimized": false,
            "ephemeral_block_device": [],
            "get_password_data": false,
            "hibernation": false,
            "host_id": null,
            "iam_instance_profile": "volume-mount-test",
            "id": "i-024890fb90d202c36",
            "instance_initiated_shutdown_behavior": null,
            "instance_state": "running",
            "instance_type": "t3.micro",
            "ipv6_address_count": 0,
            "ipv6_addresses": [],
            "key_name": "",
            "metadata_options": [
              {
                "http_endpoint": "enabled",
                "http_put_response_hop_limit": 1,
                "http_tokens": "optional"
              }
            ],
            "monitoring": false,
            "network_interface": [],
            "network_interface_id": null,
            "password_data": "",
            "placement_group": "",
            "primary_network_interface_id": "eni-04636535fcbebe1fc",
            "private_dns": "ip-10-0-3-155.eu-west-2.compute.internal",
            "private_ip": "10.0.3.155",
            "public_dns": "",
            "public_ip": "",
            "root_block_device": [
              {
                "delete_on_termination": true,
                "encrypted": false,
                "iops": 100,
                "kms_key_id": "",
                "volume_id": "vol-054600bd9e4d82bc3",
                "volume_size": 20,
                "volume_type": "gp2"
              }
            ],
            "security_groups": [],
            "source_dest_check": true,
            "subnet_id": "subnet-0d3994eded865fe56",
            "tags": {
              "Name": "volume-mount-test-0"
            },
            "tenancy": "default",
            "timeouts": null,
            "user_data": "07cfd171230d5fa8463ac008322560c021bdd0ed",
            "user_data_base64": null,
            "volume_tags": {},
            "vpc_security_group_ids": [
              "sg-07b9f2237c99ecedd"
            ]
          },
          "private": "eyJlMmJmYjczMC1lY2FhLTExZTYtOGY4OC0zNDM2M2JjN2M0YzAiOnsiY3JlYXRlIjo2MDAwMDAwMDAwMDAsImRlbGV0ZSI6MTIwMDAwMDAwMDAwMCwidXBkYXRlIjo2MDAwMDAwMDAwMDB9LCJzY2hlbWFfdmVyc2lvbiI6IjEifQ==",
          "dependencies": [
            "aws_iam_instance_profile.volume-mount-test",
            "aws_iam_role.volume-mount-test",
            "aws_security_group.volume-mount-test",
            "module.vpc.aws_subnet.private",
            "module.vpc.aws_vpc.main"
          ]
        },
        {
          "index_key": 1,
          "schema_version": 1,
          "attributes": {
            "ami": "ami-0ed2df11a6d41ea78",
            "arn": "arn:aws:ec2:eu-west-2:626298535712:instance/i-0bc65d78b2421a4ec",
            "associate_public_ip_address": false,
            "availability_zone": "eu-west-2b",
            "cpu_core_count": 1,
            "cpu_threads_per_core": 2,
            "credit_specification": [
              {
                "cpu_credits": "unlimited"
              }
            ],
            "disable_api_termination": false,
            "ebs_block_device": [],
            "ebs_optimized": false,
            "ephemeral_block_device": [],
            "get_password_data": false,
            "hibernation": false,
            "host_id": null,
            "iam_instance_profile": "volume-mount-test",
            "id": "i-0bc65d78b2421a4ec",
            "instance_initiated_shutdown_behavior": null,
            "instance_state": "running",
            "instance_type": "t3.micro",
            "ipv6_address_count": 0,
            "ipv6_addresses": [],
            "key_name": "",
            "metadata_options": [
              {
                "http_endpoint": "enabled",
                "http_put_response_hop_limit": 1,
                "http_tokens": "optional"
              }
            ],
            "monitoring": false,
            "network_interface": [],
            "network_interface_id": null,
            "password_data": "",
            "placement_group": "",
            "primary_network_interface_id": "eni-097257a8eb27a7391",
            "private_dns": "ip-10-0-4-136.eu-west-2.compute.internal",
            "private_ip": "10.0.4.136",
            "public_dns": "",
            "public_ip": "",
            "root_block_device": [
              {
                "delete_on_termination": true,
                "encrypted": false,
                "iops": 100,
                "kms_key_id": "",
                "volume_id": "vol-029fb648a102ebaf7",
                "volume_size": 20,
                "volume_type": "gp2"
              }
            ],
            "security_groups": [],
            "source_dest_check": true,
            "subnet_id": "subnet-0442670e404403389",
            "tags": {
              "Name": "volume-mount-test-1"
            },
            "tenancy": "default",
            "timeouts": null,
            "user_data": "07cfd171230d5fa8463ac008322560c021bdd0ed",
            "user_data_base64": null,
            "volume_tags": {},
            "vpc_security_group_ids": [
              "sg-07b9f2237c99ecedd"
            ]
          },
          "private": "eyJlMmJmYjczMC1lY2FhLTExZTYtOGY4OC0zNDM2M2JjN2M0YzAiOnsiY3JlYXRlIjo2MDAwMDAwMDAwMDAsImRlbGV0ZSI6MTIwMDAwMDAwMDAwMCwidXBkYXRlIjo2MDAwMDAwMDAwMDB9LCJzY2hlbWFfdmVyc2lvbiI6IjEifQ==",
          "dependencies": [
            "aws_iam_instance_profile.volume-mount-test",
            "aws_iam_role.volume-mount-test",
            "aws_security_group.volume-mount-test",
            "module.vpc.aws_subnet.private",
            "module.vpc.aws_vpc.main"
          ]
        },
        {
          "index_key": 2,
          "schema_version": 1,
          "attributes": {
            "ami": "ami-0ed2df11a6d41ea78",
            "arn": "arn:aws:ec2:eu-west-2:626298535712:instance/i-09b10da442f7616b8",
            "associate_public_ip_address": false,
            "availability_zone": "eu-west-2c",
            "cpu_core_count": 1,
            "cpu_threads_per_core": 2,
            "credit_specification": [
              {
                "cpu_credits": "unlimited"
              }
            ],
            "disable_api_termination": false,
            "ebs_block_device": [],
            "ebs_optimized": false,
            "ephemeral_block_device": [],
            "get_password_data": false,
            "hibernation": false,
            "host_id": null,
            "iam_instance_profile": "volume-mount-test",
            "id": "i-09b10da442f7616b8",
            "instance_initiated_shutdown_behavior": null,
            "instance_state": "running",
            "instance_type": "t3.micro",
            "ipv6_address_count": 0,
            "ipv6_addresses": [],
            "key_name": "",
            "metadata_options": [
              {
                "http_endpoint": "enabled",
                "http_put_response_hop_limit": 1,
                "http_tokens": "optional"
              }
            ],
            "monitoring": false,
            "network_interface": [],
            "network_interface_id": null,
            "password_data": "",
            "placement_group": "",
            "primary_network_interface_id": "eni-0bc7627dfc18cc032",
            "private_dns": "ip-10-0-5-52.eu-west-2.compute.internal",
            "private_ip": "10.0.5.52",
            "public_dns": "",
            "public_ip": "",
            "root_block_device": [
              {
                "delete_on_termination": true,
                "encrypted": false,
                "iops": 100,
                "kms_key_id": "",
                "volume_id": "vol-0e714c333da376122",
                "volume_size": 20,
                "volume_type": "gp2"
              }
            ],
            "security_groups": [],
            "source_dest_check": true,
            "subnet_id": "subnet-04195ce238c33b7d5",
            "tags": {
              "Name": "volume-mount-test-2"
            },
            "tenancy": "default",
            "timeouts": null,
            "user_data": "07cfd171230d5fa8463ac008322560c021bdd0ed",
            "user_data_base64": null,
            "volume_tags": {},
            "vpc_security_group_ids": [
              "sg-07b9f2237c99ecedd"
            ]
          },
          "private": "eyJlMmJmYjczMC1lY2FhLTExZTYtOGY4OC0zNDM2M2JjN2M0YzAiOnsiY3JlYXRlIjo2MDAwMDAwMDAwMDAsImRlbGV0ZSI6MTIwMDAwMDAwMDAwMCwidXBkYXRlIjo2MDAwMDAwMDAwMDB9LCJzY2hlbWFfdmVyc2lvbiI6IjEifQ==",
          "dependencies": [
            "aws_iam_instance_profile.volume-mount-test",
            "aws_iam_role.volume-mount-test",
            "aws_security_group.volume-mount-test",
            "module.vpc.aws_subnet.private",
            "module.vpc.aws_vpc.main"
          ]
        }
      ]
    },
    {
      "module": "module.vpc",
      "mode": "managed",
      "type": "aws_internet_gateway",
      "name": "gw",
      "provider": "provider.aws",
      "instances": [
        {
          "schema_version": 0,
          "attributes": {
            "id": "igw-0ba57caf6056abf07",
            "owner_id": "626298535712",
            "tags": {
              "Name": "VOLUME-MOUNT-TEST-IGW",
              "application": "volume-mount-test"
            },
            "vpc_id": "vpc-0ca2a1fffca7c4321"
          },
          "private": "bnVsbA==",
          "dependencies": [
            "module.vpc.aws_vpc.main"
          ]
        }
      ]
    },
    {
      "module": "module.vpc",
      "mode": "managed",
      "type": "aws_nat_gateway",
      "name": "natgateway",
      "each": "list",
      "provider": "provider.aws",
      "instances": [
        {
          "index_key": 0,
          "schema_version": 0,
          "attributes": {
            "allocation_id": "eipalloc-06ccaf30370710741",
            "id": "nat-0b10b069494ecfd4b",
            "network_interface_id": "eni-0aa044c8bd9c0275d",
            "private_ip": "10.0.0.148",
            "public_ip": "3.11.201.234",
            "subnet_id": "subnet-008fd7e5aa3735cc9",
            "tags": {
              "Name": "VOLUME-MOUNT-TEST-AZ1",
              "application": "volume-mount-test"
            }
          },
          "private": "bnVsbA==",
          "dependencies": [
            "module.vpc.aws_eip.nateip",
            "module.vpc.aws_internet_gateway.gw",
            "module.vpc.aws_subnet.public",
            "module.vpc.aws_vpc.main"
          ]
        },
        {
          "index_key": 1,
          "schema_version": 0,
          "attributes": {
            "allocation_id": "eipalloc-0ed252c8dc1a0a85c",
            "id": "nat-00920f8c8bdb0085c",
            "network_interface_id": "eni-0465ce95f15fa7d64",
            "private_ip": "10.0.1.93",
            "public_ip": "35.179.85.46",
            "subnet_id": "subnet-0db903fba2a8fe26d",
            "tags": {
              "Name": "VOLUME-MOUNT-TEST-AZ2",
              "application": "volume-mount-test"
            }
          },
          "private": "bnVsbA==",
          "dependencies": [
            "module.vpc.aws_eip.nateip",
            "module.vpc.aws_internet_gateway.gw",
            "module.vpc.aws_subnet.public",
            "module.vpc.aws_vpc.main"
          ]
        },
        {
          "index_key": 2,
          "schema_version": 0,
          "attributes": {
            "allocation_id": "eipalloc-0528a669e99ad116a",
            "id": "nat-05d2b7ac04ec51218",
            "network_interface_id": "eni-05c6d4b9f19404bc0",
            "private_ip": "10.0.2.87",
            "public_ip": "3.9.137.113",
            "subnet_id": "subnet-0840b01772f93965c",
            "tags": {
              "Name": "VOLUME-MOUNT-TEST-AZ3",
              "application": "volume-mount-test"
            }
          },
          "private": "bnVsbA==",
          "dependencies": [
            "module.vpc.aws_eip.nateip",
            "module.vpc.aws_internet_gateway.gw",
            "module.vpc.aws_subnet.public",
            "module.vpc.aws_vpc.main"
          ]
        }
      ]
    },
    {
      "module": "module.vpc",
      "mode": "managed",
      "type": "aws_network_acl",
      "name": "networkaclprivatea",
      "provider": "provider.aws",
      "instances": [
        {
          "schema_version": 0,
          "attributes": {
            "egress": [
              {
                "action": "allow",
                "cidr_block": "0.0.0.0/0",
                "from_port": 0,
                "icmp_code": null,
                "icmp_type": null,
                "ipv6_cidr_block": "",
                "protocol": "all",
                "rule_no": 100,
                "to_port": 0
              }
            ],
            "id": "acl-01360361185bfe711",
            "ingress": [
              {
                "action": "allow",
                "cidr_block": "0.0.0.0/0",
                "from_port": 0,
                "icmp_code": null,
                "icmp_type": null,
                "ipv6_cidr_block": "",
                "protocol": "all",
                "rule_no": 100,
                "to_port": 0
              }
            ],
            "owner_id": "626298535712",
            "subnet_id": null,
            "subnet_ids": [
              "subnet-0d3994eded865fe56"
            ],
            "tags": {
              "Name": "volume-mount-test-NetworkAcl-Private-subnet-0d3994eded865fe56",
              "application": "volume-mount-test"
            },
            "vpc_id": "vpc-0ca2a1fffca7c4321"
          },
          "private": "bnVsbA==",
          "dependencies": [
            "module.vpc.aws_subnet.private",
            "module.vpc.aws_vpc.main"
          ]
        }
      ]
    },
    {
      "module": "module.vpc",
      "mode": "managed",
      "type": "aws_network_acl",
      "name": "networkaclprivateb",
      "provider": "provider.aws",
      "instances": [
        {
          "schema_version": 0,
          "attributes": {
            "egress": [
              {
                "action": "allow",
                "cidr_block": "0.0.0.0/0",
                "from_port": 0,
                "icmp_code": null,
                "icmp_type": null,
                "ipv6_cidr_block": "",
                "protocol": "all",
                "rule_no": 100,
                "to_port": 0
              }
            ],
            "id": "acl-0222fcc127e121ebc",
            "ingress": [
              {
                "action": "allow",
                "cidr_block": "0.0.0.0/0",
                "from_port": 0,
                "icmp_code": null,
                "icmp_type": null,
                "ipv6_cidr_block": "",
                "protocol": "all",
                "rule_no": 100,
                "to_port": 0
              }
            ],
            "owner_id": "626298535712",
            "subnet_id": null,
            "subnet_ids": [
              "subnet-0442670e404403389"
            ],
            "tags": {
              "Name": "volume-mount-test-NetworkAcl-Private-subnet-0442670e404403389",
              "application": "volume-mount-test"
            },
            "vpc_id": "vpc-0ca2a1fffca7c4321"
          },
          "private": "bnVsbA==",
          "dependencies": [
            "module.vpc.aws_subnet.private",
            "module.vpc.aws_vpc.main"
          ]
        }
      ]
    },
    {
      "module": "module.vpc",
      "mode": "managed",
      "type": "aws_network_acl",
      "name": "networkaclprivatec",
      "provider": "provider.aws",
      "instances": [
        {
          "schema_version": 0,
          "attributes": {
            "egress": [
              {
                "action": "allow",
                "cidr_block": "0.0.0.0/0",
                "from_port": 0,
                "icmp_code": null,
                "icmp_type": null,
                "ipv6_cidr_block": "",
                "protocol": "all",
                "rule_no": 100,
                "to_port": 0
              }
            ],
            "id": "acl-0bfad3a400a6c0dba",
            "ingress": [
              {
                "action": "allow",
                "cidr_block": "0.0.0.0/0",
                "from_port": 0,
                "icmp_code": null,
                "icmp_type": null,
                "ipv6_cidr_block": "",
                "protocol": "all",
                "rule_no": 100,
                "to_port": 0
              }
            ],
            "owner_id": "626298535712",
            "subnet_id": null,
            "subnet_ids": [
              "subnet-04195ce238c33b7d5"
            ],
            "tags": {
              "Name": "volume-mount-test-NetworkAcl-Private-subnet-04195ce238c33b7d5",
              "application": "volume-mount-test"
            },
            "vpc_id": "vpc-0ca2a1fffca7c4321"
          },
          "private": "bnVsbA==",
          "dependencies": [
            "module.vpc.aws_subnet.private",
            "module.vpc.aws_vpc.main"
          ]
        }
      ]
    },
    {
      "module": "module.vpc",
      "mode": "managed",
      "type": "aws_network_acl",
      "name": "networkaclpublic",
      "provider": "provider.aws",
      "instances": [
        {
          "schema_version": 0,
          "attributes": {
            "egress": [
              {
                "action": "allow",
                "cidr_block": "0.0.0.0/0",
                "from_port": 0,
                "icmp_code": null,
                "icmp_type": null,
                "ipv6_cidr_block": "",
                "protocol": "all",
                "rule_no": 100,
                "to_port": 0
              }
            ],
            "id": "acl-0705ebe5d1d23451b",
            "ingress": [
              {
                "action": "allow",
                "cidr_block": "0.0.0.0/0",
                "from_port": 0,
                "icmp_code": null,
                "icmp_type": null,
                "ipv6_cidr_block": "",
                "protocol": "all",
                "rule_no": 100,
                "to_port": 0
              }
            ],
            "owner_id": "626298535712",
            "subnet_id": null,
            "subnet_ids": [
              "subnet-008fd7e5aa3735cc9",
              "subnet-0840b01772f93965c",
              "subnet-0db903fba2a8fe26d"
            ],
            "tags": {
              "Name": "volume-mount-test-NetworkAcl-Public",
              "application": "volume-mount-test"
            },
            "vpc_id": "vpc-0ca2a1fffca7c4321"
          },
          "private": "bnVsbA==",
          "dependencies": [
            "module.vpc.aws_subnet.public",
            "module.vpc.aws_vpc.main"
          ]
        }
      ]
    },
    {
      "module": "module.vpc",
      "mode": "managed",
      "type": "aws_route",
      "name": "privatea",
      "provider": "provider.aws",
      "instances": [
        {
          "schema_version": 0,
          "attributes": {
            "destination_cidr_block": "0.0.0.0/0",
            "destination_ipv6_cidr_block": null,
            "destination_prefix_list_id": "",
            "egress_only_gateway_id": "",
            "gateway_id": "",
            "id": "r-rtb-06b3d8d3fffc8935e1080289494",
            "instance_id": "",
            "instance_owner_id": "",
            "nat_gateway_id": "nat-0b10b069494ecfd4b",
            "network_interface_id": "",
            "origin": "CreateRoute",
            "route_table_id": "rtb-06b3d8d3fffc8935e",
            "state": "active",
            "timeouts": null,
            "transit_gateway_id": "",
            "vpc_peering_connection_id": ""
          },
          "private": "eyJlMmJmYjczMC1lY2FhLTExZTYtOGY4OC0zNDM2M2JjN2M0YzAiOnsiY3JlYXRlIjoxMjAwMDAwMDAwMDAsImRlbGV0ZSI6MzAwMDAwMDAwMDAwfX0=",
          "dependencies": [
            "module.vpc.aws_eip.nateip",
            "module.vpc.aws_internet_gateway.gw",
            "module.vpc.aws_nat_gateway.natgateway",
            "module.vpc.aws_route_table.privatea",
            "module.vpc.aws_subnet.private",
            "module.vpc.aws_subnet.public",
            "module.vpc.aws_vpc.main",
            "module.vpc.aws_vpn_gateway.vpn_gw"
          ]
        }
      ]
    },
    {
      "module": "module.vpc",
      "mode": "managed",
      "type": "aws_route",
      "name": "privateb",
      "provider": "provider.aws",
      "instances": [
        {
          "schema_version": 0,
          "attributes": {
            "destination_cidr_block": "0.0.0.0/0",
            "destination_ipv6_cidr_block": null,
            "destination_prefix_list_id": "",
            "egress_only_gateway_id": "",
            "gateway_id": "",
            "id": "r-rtb-01c89e37b2dabab091080289494",
            "instance_id": "",
            "instance_owner_id": "",
            "nat_gateway_id": "nat-00920f8c8bdb0085c",
            "network_interface_id": "",
            "origin": "CreateRoute",
            "route_table_id": "rtb-01c89e37b2dabab09",
            "state": "active",
            "timeouts": null,
            "transit_gateway_id": "",
            "vpc_peering_connection_id": ""
          },
          "private": "eyJlMmJmYjczMC1lY2FhLTExZTYtOGY4OC0zNDM2M2JjN2M0YzAiOnsiY3JlYXRlIjoxMjAwMDAwMDAwMDAsImRlbGV0ZSI6MzAwMDAwMDAwMDAwfX0=",
          "dependencies": [
            "module.vpc.aws_eip.nateip",
            "module.vpc.aws_internet_gateway.gw",
            "module.vpc.aws_nat_gateway.natgateway",
            "module.vpc.aws_route_table.privateb",
            "module.vpc.aws_subnet.private",
            "module.vpc.aws_subnet.public",
            "module.vpc.aws_vpc.main",
            "module.vpc.aws_vpn_gateway.vpn_gw"
          ]
        }
      ]
    },
    {
      "module": "module.vpc",
      "mode": "managed",
      "type": "aws_route",
      "name": "privatec",
      "provider": "provider.aws",
      "instances": [
        {
          "schema_version": 0,
          "attributes": {
            "destination_cidr_block": "0.0.0.0/0",
            "destination_ipv6_cidr_block": null,
            "destination_prefix_list_id": "",
            "egress_only_gateway_id": "",
            "gateway_id": "",
            "id": "r-rtb-08adf14d83e4041de1080289494",
            "instance_id": "",
            "instance_owner_id": "",
            "nat_gateway_id": "nat-05d2b7ac04ec51218",
            "network_interface_id": "",
            "origin": "CreateRoute",
            "route_table_id": "rtb-08adf14d83e4041de",
            "state": "active",
            "timeouts": null,
            "transit_gateway_id": "",
            "vpc_peering_connection_id": ""
          },
          "private": "eyJlMmJmYjczMC1lY2FhLTExZTYtOGY4OC0zNDM2M2JjN2M0YzAiOnsiY3JlYXRlIjoxMjAwMDAwMDAwMDAsImRlbGV0ZSI6MzAwMDAwMDAwMDAwfX0=",
          "dependencies": [
            "module.vpc.aws_eip.nateip",
            "module.vpc.aws_internet_gateway.gw",
            "module.vpc.aws_nat_gateway.natgateway",
            "module.vpc.aws_route_table.privatec",
            "module.vpc.aws_subnet.private",
            "module.vpc.aws_subnet.public",
            "module.vpc.aws_vpc.main",
            "module.vpc.aws_vpn_gateway.vpn_gw"
          ]
        }
      ]
    },
    {
      "module": "module.vpc",
      "mode": "managed",
      "type": "aws_route",
      "name": "public",
      "provider": "provider.aws",
      "instances": [
        {
          "schema_version": 0,
          "attributes": {
            "destination_cidr_block": "0.0.0.0/0",
            "destination_ipv6_cidr_block": null,
            "destination_prefix_list_id": "",
            "egress_only_gateway_id": "",
            "gateway_id": "igw-0ba57caf6056abf07",
            "id": "r-rtb-0500a0207abd512181080289494",
            "instance_id": "",
            "instance_owner_id": "",
            "nat_gateway_id": "",
            "network_interface_id": "",
            "origin": "CreateRoute",
            "route_table_id": "rtb-0500a0207abd51218",
            "state": "active",
            "timeouts": null,
            "transit_gateway_id": "",
            "vpc_peering_connection_id": ""
          },
          "private": "eyJlMmJmYjczMC1lY2FhLTExZTYtOGY4OC0zNDM2M2JjN2M0YzAiOnsiY3JlYXRlIjoxMjAwMDAwMDAwMDAsImRlbGV0ZSI6MzAwMDAwMDAwMDAwfX0=",
          "dependencies": [
            "module.vpc.aws_internet_gateway.gw",
            "module.vpc.aws_route_table.public",
            "module.vpc.aws_vpc.main"
          ]
        }
      ]
    },
    {
      "module": "module.vpc",
      "mode": "managed",
      "type": "aws_route_table",
      "name": "privatea",
      "provider": "provider.aws",
      "instances": [
        {
          "schema_version": 0,
          "attributes": {
            "id": "rtb-06b3d8d3fffc8935e",
            "owner_id": "626298535712",
            "propagating_vgws": [
              "vgw-0ff16621055ff05a4"
            ],
            "route": [],
            "tags": {
              "Name": "volume-mount-test-Private-subnet-0d3994eded865fe56",
              "application": "volume-mount-test"
            },
            "vpc_id": "vpc-0ca2a1fffca7c4321"
          },
          "private": "bnVsbA==",
          "dependencies": [
            "module.vpc.aws_subnet.private",
            "module.vpc.aws_vpc.main",
            "module.vpc.aws_vpn_gateway.vpn_gw"
          ]
        }
      ]
    },
    {
      "module": "module.vpc",
      "mode": "managed",
      "type": "aws_route_table",
      "name": "privateb",
      "provider": "provider.aws",
      "instances": [
        {
          "schema_version": 0,
          "attributes": {
            "id": "rtb-01c89e37b2dabab09",
            "owner_id": "626298535712",
            "propagating_vgws": [
              "vgw-0ff16621055ff05a4"
            ],
            "route": [],
            "tags": {
              "Name": "volume-mount-test-Private-subnet-0442670e404403389",
              "application": "volume-mount-test"
            },
            "vpc_id": "vpc-0ca2a1fffca7c4321"
          },
          "private": "bnVsbA==",
          "dependencies": [
            "module.vpc.aws_subnet.private",
            "module.vpc.aws_vpc.main",
            "module.vpc.aws_vpn_gateway.vpn_gw"
          ]
        }
      ]
    },
    {
      "module": "module.vpc",
      "mode": "managed",
      "type": "aws_route_table",
      "name": "privatec",
      "provider": "provider.aws",
      "instances": [
        {
          "schema_version": 0,
          "attributes": {
            "id": "rtb-08adf14d83e4041de",
            "owner_id": "626298535712",
            "propagating_vgws": [
              "vgw-0ff16621055ff05a4"
            ],
            "route": [],
            "tags": {
              "Name": "volume-mount-test-Private-subnet-04195ce238c33b7d5",
              "application": "volume-mount-test"
            },
            "vpc_id": "vpc-0ca2a1fffca7c4321"
          },
          "private": "bnVsbA==",
          "dependencies": [
            "module.vpc.aws_subnet.private",
            "module.vpc.aws_vpc.main",
            "module.vpc.aws_vpn_gateway.vpn_gw"
          ]
        }
      ]
    },
    {
      "module": "module.vpc",
      "mode": "managed",
      "type": "aws_route_table",
      "name": "public",
      "provider": "provider.aws",
      "instances": [
        {
          "schema_version": 0,
          "attributes": {
            "id": "rtb-0500a0207abd51218",
            "owner_id": "626298535712",
            "propagating_vgws": [],
            "route": [],
            "tags": {
              "Name": "VOLUME-MOUNT-TEST-Public",
              "application": "volume-mount-test"
            },
            "vpc_id": "vpc-0ca2a1fffca7c4321"
          },
          "private": "bnVsbA==",
          "dependencies": [
            "module.vpc.aws_vpc.main"
          ]
        }
      ]
    },
    {
      "module": "module.vpc",
      "mode": "managed",
      "type": "aws_route_table_association",
      "name": "privatea",
      "provider": "provider.aws",
      "instances": [
        {
          "schema_version": 0,
          "attributes": {
            "gateway_id": null,
            "id": "rtbassoc-035c049f4e492bc1f",
            "route_table_id": "rtb-06b3d8d3fffc8935e",
            "subnet_id": "subnet-0d3994eded865fe56"
          },
          "private": "bnVsbA==",
          "dependencies": [
            "module.vpc.aws_route_table.privatea",
            "module.vpc.aws_subnet.private",
            "module.vpc.aws_vpc.main",
            "module.vpc.aws_vpn_gateway.vpn_gw"
          ]
        }
      ]
    },
    {
      "module": "module.vpc",
      "mode": "managed",
      "type": "aws_route_table_association",
      "name": "privateb",
      "provider": "provider.aws",
      "instances": [
        {
          "schema_version": 0,
          "attributes": {
            "gateway_id": null,
            "id": "rtbassoc-002710233732df5b1",
            "route_table_id": "rtb-01c89e37b2dabab09",
            "subnet_id": "subnet-0442670e404403389"
          },
          "private": "bnVsbA==",
          "dependencies": [
            "module.vpc.aws_route_table.privateb",
            "module.vpc.aws_subnet.private",
            "module.vpc.aws_vpc.main",
            "module.vpc.aws_vpn_gateway.vpn_gw"
          ]
        }
      ]
    },
    {
      "module": "module.vpc",
      "mode": "managed",
      "type": "aws_route_table_association",
      "name": "privatec",
      "provider": "provider.aws",
      "instances": [
        {
          "schema_version": 0,
          "attributes": {
            "gateway_id": null,
            "id": "rtbassoc-06f804840f7ca7511",
            "route_table_id": "rtb-08adf14d83e4041de",
            "subnet_id": "subnet-04195ce238c33b7d5"
          },
          "private": "bnVsbA==",
          "dependencies": [
            "module.vpc.aws_route_table.privatec",
            "module.vpc.aws_subnet.private",
            "module.vpc.aws_vpc.main",
            "module.vpc.aws_vpn_gateway.vpn_gw"
          ]
        }
      ]
    },
    {
      "module": "module.vpc",
      "mode": "managed",
      "type": "aws_route_table_association",
      "name": "public",
      "provider": "provider.aws",
      "instances": [
        {
          "schema_version": 0,
          "attributes": {
            "gateway_id": null,
            "id": "rtbassoc-0fa64be49865c17ad",
            "route_table_id": "rtb-0500a0207abd51218",
            "subnet_id": "subnet-008fd7e5aa3735cc9"
          },
          "private": "bnVsbA==",
          "dependencies": [
            "module.vpc.aws_route_table.public",
            "module.vpc.aws_subnet.public",
            "module.vpc.aws_vpc.main"
          ]
        }
      ]
    },
    {
      "module": "module.vpc",
      "mode": "managed",
      "type": "aws_route_table_association",
      "name": "public-1",
      "provider": "provider.aws",
      "instances": [
        {
          "schema_version": 0,
          "attributes": {
            "gateway_id": null,
            "id": "rtbassoc-0041f688aa4dd092c",
            "route_table_id": "rtb-0500a0207abd51218",
            "subnet_id": "subnet-0db903fba2a8fe26d"
          },
          "private": "bnVsbA==",
          "dependencies": [
            "module.vpc.aws_route_table.public",
            "module.vpc.aws_subnet.public",
            "module.vpc.aws_vpc.main"
          ]
        }
      ]
    },
    {
      "module": "module.vpc",
      "mode": "managed",
      "type": "aws_route_table_association",
      "name": "public-2",
      "provider": "provider.aws",
      "instances": [
        {
          "schema_version": 0,
          "attributes": {
            "gateway_id": null,
            "id": "rtbassoc-075903be6c0f87e3b",
            "route_table_id": "rtb-0500a0207abd51218",
            "subnet_id": "subnet-0840b01772f93965c"
          },
          "private": "bnVsbA==",
          "dependencies": [
            "module.vpc.aws_route_table.public",
            "module.vpc.aws_subnet.public",
            "module.vpc.aws_vpc.main"
          ]
        }
      ]
    },
    {
      "mode": "managed",
      "type": "aws_security_group",
      "name": "volume-mount-test",
      "provider": "provider.aws",
      "instances": [
        {
          "schema_version": 1,
          "attributes": {
            "arn": "arn:aws:ec2:eu-west-2:626298535712:security-group/sg-07b9f2237c99ecedd",
            "description": "Managed by Terraform",
            "egress": [],
            "id": "sg-07b9f2237c99ecedd",
            "ingress": [],
            "name": "volume-mount-test",
            "name_prefix": null,
            "owner_id": "626298535712",
            "revoke_rules_on_delete": false,
            "tags": null,
            "timeouts": null,
            "vpc_id": "vpc-0ca2a1fffca7c4321"
          },
          "private": "eyJlMmJmYjczMC1lY2FhLTExZTYtOGY4OC0zNDM2M2JjN2M0YzAiOnsiY3JlYXRlIjo2MDAwMDAwMDAwMDAsImRlbGV0ZSI6NjAwMDAwMDAwMDAwfSwic2NoZW1hX3ZlcnNpb24iOiIxIn0=",
          "dependencies": [
            "module.vpc.aws_vpc.main"
          ]
        }
      ]
    },
    {
      "mode": "managed",
      "type": "aws_security_group_rule",
      "name": "volume-mount-test-egress",
      "provider": "provider.aws",
      "instances": [
        {
          "schema_version": 2,
          "attributes": {
            "cidr_blocks": [
              "0.0.0.0/0"
            ],
            "description": null,
            "from_port": 0,
            "id": "sgrule-4026178109",
            "ipv6_cidr_blocks": null,
            "prefix_list_ids": null,
            "protocol": "-1",
            "security_group_id": "sg-07b9f2237c99ecedd",
            "self": false,
            "source_security_group_id": null,
            "to_port": 65535,
            "type": "egress"
          },
          "private": "eyJzY2hlbWFfdmVyc2lvbiI6IjIifQ==",
          "dependencies": [
            "aws_security_group.volume-mount-test",
            "module.vpc.aws_vpc.main"
          ]
        }
      ]
    },
    {
      "mode": "managed",
      "type": "aws_security_group_rule",
      "name": "volume-mount-test-ingress",
      "provider": "provider.aws",
      "instances": [
        {
          "schema_version": 2,
          "attributes": {
            "cidr_blocks": null,
            "description": null,
            "from_port": 0,
            "id": "sgrule-4060216253",
            "ipv6_cidr_blocks": null,
            "prefix_list_ids": null,
            "protocol": "-1",
            "security_group_id": "sg-07b9f2237c99ecedd",
            "self": false,
            "source_security_group_id": "sg-07b9f2237c99ecedd",
            "to_port": 65535,
            "type": "ingress"
          },
          "private": "eyJzY2hlbWFfdmVyc2lvbiI6IjIifQ==",
          "dependencies": [
            "aws_security_group.volume-mount-test",
            "module.vpc.aws_vpc.main"
          ]
        }
      ]
    },
    {
      "mode": "managed",
      "type": "aws_security_group_rule",
      "name": "volume-mount-test-ingress-all",
      "provider": "provider.aws",
      "instances": [
        {
          "schema_version": 2,
          "attributes": {
            "cidr_blocks": [
              "0.0.0.0/0"
            ],
            "description": null,
            "from_port": 0,
            "id": "sgrule-3666187743",
            "ipv6_cidr_blocks": null,
            "prefix_list_ids": null,
            "protocol": "-1",
            "security_group_id": "sg-07b9f2237c99ecedd",
            "self": false,
            "source_security_group_id": null,
            "to_port": 65535,
            "type": "ingress"
          },
          "private": "eyJzY2hlbWFfdmVyc2lvbiI6IjIifQ==",
          "dependencies": [
            "aws_security_group.volume-mount-test",
            "module.vpc.aws_vpc.main"
          ]
        }
      ]
    },
    {
      "module": "module.vpc",
      "mode": "managed",
      "type": "aws_subnet",
      "name": "private",
      "each": "list",
      "provider": "provider.aws",
      "instances": [
        {
          "index_key": 0,
          "schema_version": 1,
          "attributes": {
            "arn": "arn:aws:ec2:eu-west-2:626298535712:subnet/subnet-0d3994eded865fe56",
            "assign_ipv6_address_on_creation": false,
            "availability_zone": "eu-west-2a",
            "availability_zone_id": "euw2-az2",
            "cidr_block": "10.0.3.0/24",
            "id": "subnet-0d3994eded865fe56",
            "ipv6_cidr_block": "",
            "ipv6_cidr_block_association_id": "",
            "map_public_ip_on_launch": false,
            "owner_id": "626298535712",
            "tags": {
              "Name": "VOLUME-MOUNT-TEST-Private-A",
              "Type": "Private",
              "application": "volume-mount-test"
            },
            "timeouts": null,
            "vpc_id": "vpc-0ca2a1fffca7c4321"
          },
          "private": "eyJlMmJmYjczMC1lY2FhLTExZTYtOGY4OC0zNDM2M2JjN2M0YzAiOnsiY3JlYXRlIjo2MDAwMDAwMDAwMDAsImRlbGV0ZSI6MTIwMDAwMDAwMDAwMH0sInNjaGVtYV92ZXJzaW9uIjoiMSJ9",
          "dependencies": [
            "module.vpc.aws_vpc.main"
          ]
        },
        {
          "index_key": 1,
          "schema_version": 1,
          "attributes": {
            "arn": "arn:aws:ec2:eu-west-2:626298535712:subnet/subnet-0442670e404403389",
            "assign_ipv6_address_on_creation": false,
            "availability_zone": "eu-west-2b",
            "availability_zone_id": "euw2-az3",
            "cidr_block": "10.0.4.0/24",
            "id": "subnet-0442670e404403389",
            "ipv6_cidr_block": "",
            "ipv6_cidr_block_association_id": "",
            "map_public_ip_on_launch": false,
            "owner_id": "626298535712",
            "tags": {
              "Name": "VOLUME-MOUNT-TEST-Private-B",
              "Type": "Private",
              "application": "volume-mount-test"
            },
            "timeouts": null,
            "vpc_id": "vpc-0ca2a1fffca7c4321"
          },
          "private": "eyJlMmJmYjczMC1lY2FhLTExZTYtOGY4OC0zNDM2M2JjN2M0YzAiOnsiY3JlYXRlIjo2MDAwMDAwMDAwMDAsImRlbGV0ZSI6MTIwMDAwMDAwMDAwMH0sInNjaGVtYV92ZXJzaW9uIjoiMSJ9",
          "dependencies": [
            "module.vpc.aws_vpc.main"
          ]
        },
        {
          "index_key": 2,
          "schema_version": 1,
          "attributes": {
            "arn": "arn:aws:ec2:eu-west-2:626298535712:subnet/subnet-04195ce238c33b7d5",
            "assign_ipv6_address_on_creation": false,
            "availability_zone": "eu-west-2c",
            "availability_zone_id": "euw2-az1",
            "cidr_block": "10.0.5.0/24",
            "id": "subnet-04195ce238c33b7d5",
            "ipv6_cidr_block": "",
            "ipv6_cidr_block_association_id": "",
            "map_public_ip_on_launch": false,
            "owner_id": "626298535712",
            "tags": {
              "Name": "VOLUME-MOUNT-TEST-Private-C",
              "Type": "Private",
              "application": "volume-mount-test"
            },
            "timeouts": null,
            "vpc_id": "vpc-0ca2a1fffca7c4321"
          },
          "private": "eyJlMmJmYjczMC1lY2FhLTExZTYtOGY4OC0zNDM2M2JjN2M0YzAiOnsiY3JlYXRlIjo2MDAwMDAwMDAwMDAsImRlbGV0ZSI6MTIwMDAwMDAwMDAwMH0sInNjaGVtYV92ZXJzaW9uIjoiMSJ9",
          "dependencies": [
            "module.vpc.aws_vpc.main"
          ]
        }
      ]
    },
    {
      "module": "module.vpc",
      "mode": "managed",
      "type": "aws_subnet",
      "name": "public",
      "each": "list",
      "provider": "provider.aws",
      "instances": [
        {
          "index_key": 0,
          "schema_version": 1,
          "attributes": {
            "arn": "arn:aws:ec2:eu-west-2:626298535712:subnet/subnet-008fd7e5aa3735cc9",
            "assign_ipv6_address_on_creation": false,
            "availability_zone": "eu-west-2a",
            "availability_zone_id": "euw2-az2",
            "cidr_block": "10.0.0.0/24",
            "id": "subnet-008fd7e5aa3735cc9",
            "ipv6_cidr_block": "",
            "ipv6_cidr_block_association_id": "",
            "map_public_ip_on_launch": false,
            "owner_id": "626298535712",
            "tags": {
              "Name": "VOLUME-MOUNT-TEST-Public-A",
              "Type": "Public",
              "application": "volume-mount-test"
            },
            "timeouts": null,
            "vpc_id": "vpc-0ca2a1fffca7c4321"
          },
          "private": "eyJlMmJmYjczMC1lY2FhLTExZTYtOGY4OC0zNDM2M2JjN2M0YzAiOnsiY3JlYXRlIjo2MDAwMDAwMDAwMDAsImRlbGV0ZSI6MTIwMDAwMDAwMDAwMH0sInNjaGVtYV92ZXJzaW9uIjoiMSJ9",
          "dependencies": [
            "module.vpc.aws_vpc.main"
          ]
        },
        {
          "index_key": 1,
          "schema_version": 1,
          "attributes": {
            "arn": "arn:aws:ec2:eu-west-2:626298535712:subnet/subnet-0db903fba2a8fe26d",
            "assign_ipv6_address_on_creation": false,
            "availability_zone": "eu-west-2b",
            "availability_zone_id": "euw2-az3",
            "cidr_block": "10.0.1.0/24",
            "id": "subnet-0db903fba2a8fe26d",
            "ipv6_cidr_block": "",
            "ipv6_cidr_block_association_id": "",
            "map_public_ip_on_launch": false,
            "owner_id": "626298535712",
            "tags": {
              "Name": "VOLUME-MOUNT-TEST-Public-B",
              "Type": "Public",
              "application": "volume-mount-test"
            },
            "timeouts": null,
            "vpc_id": "vpc-0ca2a1fffca7c4321"
          },
          "private": "eyJlMmJmYjczMC1lY2FhLTExZTYtOGY4OC0zNDM2M2JjN2M0YzAiOnsiY3JlYXRlIjo2MDAwMDAwMDAwMDAsImRlbGV0ZSI6MTIwMDAwMDAwMDAwMH0sInNjaGVtYV92ZXJzaW9uIjoiMSJ9",
          "dependencies": [
            "module.vpc.aws_vpc.main"
          ]
        },
        {
          "index_key": 2,
          "schema_version": 1,
          "attributes": {
            "arn": "arn:aws:ec2:eu-west-2:626298535712:subnet/subnet-0840b01772f93965c",
            "assign_ipv6_address_on_creation": false,
            "availability_zone": "eu-west-2c",
            "availability_zone_id": "euw2-az1",
            "cidr_block": "10.0.2.0/24",
            "id": "subnet-0840b01772f93965c",
            "ipv6_cidr_block": "",
            "ipv6_cidr_block_association_id": "",
            "map_public_ip_on_launch": false,
            "owner_id": "626298535712",
            "tags": {
              "Name": "VOLUME-MOUNT-TEST-Public-C",
              "Type": "Public",
              "application": "volume-mount-test"
            },
            "timeouts": null,
            "vpc_id": "vpc-0ca2a1fffca7c4321"
          },
          "private": "eyJlMmJmYjczMC1lY2FhLTExZTYtOGY4OC0zNDM2M2JjN2M0YzAiOnsiY3JlYXRlIjo2MDAwMDAwMDAwMDAsImRlbGV0ZSI6MTIwMDAwMDAwMDAwMH0sInNjaGVtYV92ZXJzaW9uIjoiMSJ9",
          "dependencies": [
            "module.vpc.aws_vpc.main"
          ]
        }
      ]
    },
    {
      "mode": "managed",
      "type": "aws_volume_attachment",
      "name": "volume-mount-test",
      "each": "list",
      "provider": "provider.aws",
      "instances": [
        {
          "index_key": 0,
          "schema_version": 0,
          "attributes": {
            "device_name": "/dev/xvdp",
            "force_detach": null,
            "id": "vai-3289495592",
            "instance_id": "i-024890fb90d202c36",
            "skip_destroy": null,
            "volume_id": "vol-00395430e26944d19"
          },
          "private": "bnVsbA==",
          "dependencies": [
            "aws_ebs_volume.volume-mount-test",
            "aws_iam_instance_profile.volume-mount-test",
            "aws_iam_role.volume-mount-test",
            "aws_instance.volume-mount-test",
            "aws_security_group.volume-mount-test",
            "module.vpc.aws_subnet.private",
            "module.vpc.aws_vpc.main"
          ]
        },
        {
          "index_key": 1,
          "schema_version": 0,
          "attributes": {
            "device_name": "/dev/xvdp",
            "force_detach": null,
            "id": "vai-3842593446",
            "instance_id": "i-0bc65d78b2421a4ec",
            "skip_destroy": null,
            "volume_id": "vol-0018978086da740e1"
          },
          "private": "bnVsbA==",
          "dependencies": [
            "aws_ebs_volume.volume-mount-test",
            "aws_iam_instance_profile.volume-mount-test",
            "aws_iam_role.volume-mount-test",
            "aws_instance.volume-mount-test",
            "aws_security_group.volume-mount-test",
            "module.vpc.aws_subnet.private",
            "module.vpc.aws_vpc.main"
          ]
        },
        {
          "index_key": 2,
          "schema_version": 0,
          "attributes": {
            "device_name": "/dev/xvdp",
            "force_detach": null,
            "id": "vai-772362477",
            "instance_id": "i-09b10da442f7616b8",
            "skip_destroy": null,
            "volume_id": "vol-02d1e9118c9ea21ab"
          },
          "private": "bnVsbA==",
          "dependencies": [
            "aws_ebs_volume.volume-mount-test",
            "aws_iam_instance_profile.volume-mount-test",
            "aws_iam_role.volume-mount-test",
            "aws_instance.volume-mount-test",
            "aws_security_group.volume-mount-test",
            "module.vpc.aws_subnet.private",
            "module.vpc.aws_vpc.main"
          ]
        }
      ]
    },
    {
      "module": "module.vpc",
      "mode": "managed",
      "type": "aws_vpc",
      "name": "main",
      "provider": "provider.aws",
      "instances": [
        {
          "schema_version": 1,
          "attributes": {
            "arn": "arn:aws:ec2:eu-west-2:626298535712:vpc/vpc-0ca2a1fffca7c4321",
            "assign_generated_ipv6_cidr_block": false,
            "cidr_block": "10.0.0.0/21",
            "default_network_acl_id": "acl-0953ad8ca06b3aeb0",
            "default_route_table_id": "rtb-09d6c25dfdcade688",
            "default_security_group_id": "sg-050bcbdf9823a7c62",
            "dhcp_options_id": "dopt-f642ac9f",
            "enable_classiclink": null,
            "enable_classiclink_dns_support": null,
            "enable_dns_hostnames": true,
            "enable_dns_support": true,
            "id": "vpc-0ca2a1fffca7c4321",
            "instance_tenancy": "default",
            "ipv6_association_id": "",
            "ipv6_cidr_block": "",
            "main_route_table_id": "rtb-09d6c25dfdcade688",
            "owner_id": "626298535712",
            "tags": {
              "Name": "VOLUME-MOUNT-TEST",
              "application": "volume-mount-test"
            }
          },
          "private": "eyJzY2hlbWFfdmVyc2lvbiI6IjEifQ=="
        }
      ]
    },
    {
      "module": "module.vpc",
      "mode": "managed",
      "type": "aws_vpn_gateway",
      "name": "vpn_gw",
      "provider": "provider.aws",
      "instances": [
        {
          "schema_version": 0,
          "attributes": {
            "amazon_side_asn": "64512",
            "availability_zone": null,
            "id": "vgw-0ff16621055ff05a4",
            "tags": {
              "Name": "VOLUME-MOUNT-TEST-VGW",
              "application": "volume-mount-test"
            },
            "vpc_id": "vpc-0ca2a1fffca7c4321"
          },
          "private": "bnVsbA==",
          "dependencies": [
            "module.vpc.aws_vpc.main"
          ]
        }
      ]
    }
  ]
}
