{
  "version": 4,
  "terraform_version": "0.12.19",
  "serial": 95,
  "lineage": "e573c8dd-be7a-3807-0fa2-32bb795c34ac",
  "outputs": {},
  "resources": [
    {
      "mode": "data",
      "type": "aws_ami",
      "name": "ubuntu_bionic",
      "provider": "provider.aws",
      "instances": [
        {
          "schema_version": 0,
          "attributes": {
            "architecture": "x86_64",
            "block_device_mappings": [
              {
                "device_name": "/dev/sda1",
                "ebs": {
                  "delete_on_termination": "true",
                  "encrypted": "false",
                  "iops": "0",
                  "snapshot_id": "snap-02d0f1e3d04fe69ea",
                  "volume_size": "8",
                  "volume_type": "gp2"
                },
                "no_device": "",
                "virtual_name": ""
              },
              {
                "device_name": "/dev/sdb",
                "ebs": {},
                "no_device": "",
                "virtual_name": "ephemeral0"
              },
              {
                "device_name": "/dev/sdc",
                "ebs": {},
                "no_device": "",
                "virtual_name": "ephemeral1"
              }
            ],
            "creation_date": "2020-03-24T20:56:43.000Z",
            "description": "Canonical, Ubuntu, 18.04 LTS, amd64 bionic image build on 2020-03-23",
            "executable_users": null,
            "filter": [
              {
                "name": "name",
                "values": [
                  "ubuntu/images/hvm-ssd/ubuntu-bionic-18.04-amd64-server-*"
                ]
              }
            ],
            "hypervisor": "xen",
            "id": "ami-0ed2df11a6d41ea78",
            "image_id": "ami-0ed2df11a6d41ea78",
            "image_location": "099720109477/ubuntu/images/hvm-ssd/ubuntu-bionic-18.04-amd64-server-20200323",
            "image_owner_alias": null,
            "image_type": "machine",
            "kernel_id": null,
            "most_recent": true,
            "name": "ubuntu/images/hvm-ssd/ubuntu-bionic-18.04-amd64-server-20200323",
            "name_regex": null,
            "owner_id": "099720109477",
            "owners": [
              "099720109477"
            ],
            "platform": null,
            "product_codes": [],
            "public": true,
            "ramdisk_id": null,
            "root_device_name": "/dev/sda1",
            "root_device_type": "ebs",
            "root_snapshot_id": "snap-02d0f1e3d04fe69ea",
            "sriov_net_support": "simple",
            "state": "available",
            "state_reason": {
              "code": "UNSET",
              "message": "UNSET"
            },
            "tags": {},
            "virtualization_type": "hvm"
          }
        }
      ]
    },
    {
      "module": "module.vpc",
      "mode": "data",
      "type": "aws_availability_zones",
      "name": "available",
      "provider": "provider.aws",
      "instances": [
        {
          "schema_version": 0,
          "attributes": {
            "all_availability_zones": null,
            "blacklisted_names": null,
            "blacklisted_zone_ids": null,
            "filter": null,
            "group_names": [
              "eu-west-2"
            ],
            "id": "2020-04-02 13:52:31.878125277 +0000 UTC",
            "names": [
              "eu-west-2a",
              "eu-west-2b",
              "eu-west-2c"
            ],
            "state": null,
            "zone_ids": [
              "euw2-az2",
              "euw2-az3",
              "euw2-az1"
            ]
          }
        }
      ]
    },
    {
      "mode": "data",
      "type": "aws_availability_zones",
      "name": "opted-in",
      "provider": "provider.aws",
      "instances": [
        {
          "schema_version": 0,
          "attributes": {
            "all_availability_zones": null,
            "blacklisted_names": null,
            "blacklisted_zone_ids": null,
            "filter": [
              {
                "name": "opt-in-status",
                "values": [
                  "opt-in-not-required"
                ]
              }
            ],
            "group_names": [
              "eu-west-2"
            ],
            "id": "2020-04-02 13:52:31.878366006 +0000 UTC",
            "names": [
              "eu-west-2a",
              "eu-west-2b",
              "eu-west-2c"
            ],
            "state": null,
            "zone_ids": [
              "euw2-az2",
              "euw2-az3",
              "euw2-az1"
            ]
          }
        }
      ]
    },
    {
      "mode": "data",
      "type": "template_file",
      "name": "cloud-init",
      "provider": "provider.template",
      "instances": [
        {
          "schema_version": 0,
          "attributes": {
            "filename": null,
            "id": "0901a0e6a37bce39ba2a923cd5b289e949bacf6f1fe5fc19222e9814fa5c47da",
            "rendered": "#!/usr/bin/env bash\nset -ueo pipefail\necho 'Configuring prometheus EBS'\nvol=\"nvme1n1\"\nmkdir -p /srv/prometheus\nwhile true; do\n  lsblk | grep -q \"$vol\" \u0026\u0026 break\n  echo \"still waiting for volume /dev/$vol ; sleeping 5\"\n  sleep 5\ndone\necho \"found volume /dev/$vol\"\nif [ -z \"$(lsblk | grep \"$vol\" | awk '{print $7}')\" ] ; then\n  if file -s \"/dev/$vol\" | grep -q \": data\" ; then\n    echo \"volume /dev/$vol is not formatted ; formatting\"\n    mkfs -F -t ext4   \"/dev/$vol\"\n  fi\n  echo \"volume /dev/$vol is formatted\"\n  if [ -z \"$(lsblk | grep \"$vol\" | awk '{print $7}')\" ] ; then\n    echo \"volume /dev/$vol is not mounted ; mounting\"\n    mount \"/dev/$vol\" /srv/prometheus\n  fi\n  echo \"volume /dev/$vol is mounted ; writing fstab entry\"\n  if grep -qv \"/dev/$vol\" /etc/fstab ; then\n    UUID=$(blkid /dev/$vol -s UUID -o value)\n    echo \"UUID=$UUID /srv/prometheus ext4 defaults,nofail 0 2\" \u003e\u003e /etc/fstab\n  fi\nfi\n\necho \"This string will be used to cause the instance to cycle..\"\n",
            "template": "#!/usr/bin/env bash\nset -ueo pipefail\necho 'Configuring prometheus EBS'\nvol=\"nvme1n1\"\nmkdir -p /srv/prometheus\nwhile true; do\n  lsblk | grep -q \"$vol\" \u0026\u0026 break\n  echo \"still waiting for volume /dev/$vol ; sleeping 5\"\n  sleep 5\ndone\necho \"found volume /dev/$vol\"\nif [ -z \"$(lsblk | grep \"$vol\" | awk '{print $7}')\" ] ; then\n  if file -s \"/dev/$vol\" | grep -q \": data\" ; then\n    echo \"volume /dev/$vol is not formatted ; formatting\"\n    mkfs -F -t ext4   \"/dev/$vol\"\n  fi\n  echo \"volume /dev/$vol is formatted\"\n  if [ -z \"$(lsblk | grep \"$vol\" | awk '{print $7}')\" ] ; then\n    echo \"volume /dev/$vol is not mounted ; mounting\"\n    mount \"/dev/$vol\" /srv/prometheus\n  fi\n  echo \"volume /dev/$vol is mounted ; writing fstab entry\"\n  if grep -qv \"/dev/$vol\" /etc/fstab ; then\n    UUID=$(blkid /dev/$vol -s UUID -o value)\n    echo \"UUID=$UUID /srv/prometheus ext4 defaults,nofail 0 2\" \u003e\u003e /etc/fstab\n  fi\nfi\n\necho \"This string will be used to cause the instance to cycle..\"\n",
            "vars": null
          }
        }
      ]
    },
    {
      "mode": "managed",
      "type": "aws_ebs_volume",
      "name": "volume-mount-test",
      "each": "list",
      "provider": "provider.aws",
      "instances": [
        {
          "index_key": 0,
          "schema_version": 0,
          "attributes": {
            "arn": "arn:aws:ec2:eu-west-2:626298535712:volume/vol-0dcf91f74fec43b58",
            "availability_zone": "eu-west-2a",
            "encrypted": true,
            "id": "vol-0dcf91f74fec43b58",
            "iops": 300,
            "kms_key_id": "arn:aws:kms:eu-west-2:626298535712:key/b43d4791-d8ac-48a1-9627-8f8f9efc6e81",
            "size": 100,
            "snapshot_id": "",
            "tags": {},
            "type": "gp2"
          },
          "private": "bnVsbA=="
        },
        {
          "index_key": 1,
          "schema_version": 0,
          "attributes": {
            "arn": "arn:aws:ec2:eu-west-2:626298535712:volume/vol-0f5b0738a89b2be6a",
            "availability_zone": "eu-west-2b",
            "encrypted": true,
            "id": "vol-0f5b0738a89b2be6a",
            "iops": 300,
            "kms_key_id": "arn:aws:kms:eu-west-2:626298535712:key/b43d4791-d8ac-48a1-9627-8f8f9efc6e81",
            "size": 100,
            "snapshot_id": "",
            "tags": {},
            "type": "gp2"
          },
          "private": "bnVsbA=="
        },
        {
          "index_key": 2,
          "schema_version": 0,
          "attributes": {
            "arn": "arn:aws:ec2:eu-west-2:626298535712:volume/vol-07c23c7b2340af600",
            "availability_zone": "eu-west-2c",
            "encrypted": true,
            "id": "vol-07c23c7b2340af600",
            "iops": 300,
            "kms_key_id": "arn:aws:kms:eu-west-2:626298535712:key/b43d4791-d8ac-48a1-9627-8f8f9efc6e81",
            "size": 100,
            "snapshot_id": "",
            "tags": {},
            "type": "gp2"
          },
          "private": "bnVsbA=="
        }
      ]
    },
    {
      "module": "module.vpc",
      "mode": "managed",
      "type": "aws_eip",
      "name": "nateip",
      "each": "list",
      "provider": "provider.aws",
      "instances": [
        {
          "index_key": 0,
          "schema_version": 0,
          "attributes": {
            "allocation_id": null,
            "associate_with_private_ip": null,
            "association_id": "eipassoc-5bb26e96",
            "domain": "vpc",
            "id": "eipalloc-0078c62374f4fe0e2",
            "instance": "",
            "network_interface": "eni-0c0c7c20c279bdf39",
            "private_dns": "ip-10-0-0-26.eu-west-2.compute.internal",
            "private_ip": "10.0.0.26",
            "public_dns": "ec2-18-132-4-13.eu-west-2.compute.amazonaws.com",
            "public_ip": "18.132.4.13",
            "public_ipv4_pool": "amazon",
            "tags": {
              "application": "volume-mount-test"
            },
            "timeouts": null,
            "vpc": true
          },
          "private": "eyJlMmJmYjczMC1lY2FhLTExZTYtOGY4OC0zNDM2M2JjN2M0YzAiOnsiZGVsZXRlIjoxODAwMDAwMDAwMDAsInJlYWQiOjkwMDAwMDAwMDAwMCwidXBkYXRlIjozMDAwMDAwMDAwMDB9fQ=="
        },
        {
          "index_key": 1,
          "schema_version": 0,
          "attributes": {
            "allocation_id": null,
            "associate_with_private_ip": null,
            "association_id": "eipassoc-5bd52c81",
            "domain": "vpc",
            "id": "eipalloc-0c5d25022db13e25a",
            "instance": "",
            "network_interface": "eni-068fefcdbcca91469",
            "private_dns": "ip-10-0-1-38.eu-west-2.compute.internal",
            "private_ip": "10.0.1.38",
            "public_dns": "ec2-18-130-28-19.eu-west-2.compute.amazonaws.com",
            "public_ip": "18.130.28.19",
            "public_ipv4_pool": "amazon",
            "tags": {
              "application": "volume-mount-test"
            },
            "timeouts": null,
            "vpc": true
          },
          "private": "eyJlMmJmYjczMC1lY2FhLTExZTYtOGY4OC0zNDM2M2JjN2M0YzAiOnsiZGVsZXRlIjoxODAwMDAwMDAwMDAsInJlYWQiOjkwMDAwMDAwMDAwMCwidXBkYXRlIjozMDAwMDAwMDAwMDB9fQ=="
        },
        {
          "index_key": 2,
          "schema_version": 0,
          "attributes": {
            "allocation_id": null,
            "associate_with_private_ip": null,
            "association_id": "eipassoc-fbf92f07",
            "domain": "vpc",
            "id": "eipalloc-0d1eca4db845c4545",
            "instance": "",
            "network_interface": "eni-02e1c0ae77068ec45",
            "private_dns": "ip-10-0-2-12.eu-west-2.compute.internal",
            "private_ip": "10.0.2.12",
            "public_dns": "ec2-18-132-29-112.eu-west-2.compute.amazonaws.com",
            "public_ip": "18.132.29.112",
            "public_ipv4_pool": "amazon",
            "tags": {
              "application": "volume-mount-test"
            },
            "timeouts": null,
            "vpc": true
          },
          "private": "eyJlMmJmYjczMC1lY2FhLTExZTYtOGY4OC0zNDM2M2JjN2M0YzAiOnsiZGVsZXRlIjoxODAwMDAwMDAwMDAsInJlYWQiOjkwMDAwMDAwMDAwMCwidXBkYXRlIjozMDAwMDAwMDAwMDB9fQ=="
        }
      ]
    },
    {
      "mode": "managed",
      "type": "aws_iam_instance_profile",
      "name": "volume-mount-test",
      "provider": "provider.aws",
      "instances": [
        {
          "schema_version": 0,
          "attributes": {
            "arn": "arn:aws:iam::626298535712:instance-profile/volume-mount-test",
            "create_date": "2020-04-02T10:56:06Z",
            "id": "volume-mount-test",
            "name": "volume-mount-test",
            "name_prefix": null,
            "path": "/",
            "role": "volume-mount-test",
            "roles": [
              "volume-mount-test"
            ],
            "unique_id": "AIPAZDUSNH4QIMISQUH4G"
          },
          "private": "bnVsbA==",
          "dependencies": [
            "aws_iam_role.volume-mount-test"
          ]
        }
      ]
    },
    {
      "mode": "managed",
      "type": "aws_iam_role",
      "name": "volume-mount-test",
      "provider": "provider.aws",
      "instances": [
        {
          "schema_version": 0,
          "attributes": {
            "arn": "arn:aws:iam::626298535712:role/volume-mount-test",
            "assume_role_policy": "{\"Version\":\"2012-10-17\",\"Statement\":[{\"Sid\":\"\",\"Effect\":\"Allow\",\"Principal\":{\"Service\":\"ec2.amazonaws.com\"},\"Action\":\"sts:AssumeRole\"}]}",
            "create_date": "2020-04-02T10:56:04Z",
            "description": "",
            "force_detach_policies": false,
            "id": "volume-mount-test",
            "max_session_duration": 3600,
            "name": "volume-mount-test",
            "name_prefix": null,
            "path": "/",
            "permissions_boundary": null,
            "tags": {},
            "unique_id": "AROAZDUSNH4QF7M54IC2U"
          },
          "private": "bnVsbA=="
        }
      ]
    },
    {
      "mode": "managed",
      "type": "aws_iam_role_policy_attachment",
      "name": "volume-mount-test",
      "provider": "provider.aws",
      "instances": [
        {
          "schema_version": 0,
          "attributes": {
            "id": "volume-mount-test-20200402105606408400000001",
            "policy_arn": "arn:aws:iam::aws:policy/AmazonSSMManagedInstanceCore",
            "role": "volume-mount-test"
          },
          "private": "bnVsbA==",
          "dependencies": [
            "aws_iam_role.volume-mount-test"
          ]
        }
      ]
    },
    {
      "mode": "managed",
      "type": "aws_instance",
      "name": "volume-mount-test",
      "each": "list",
      "provider": "provider.aws",
      "instances": [
        {
          "index_key": 0,
          "schema_version": 1,
          "attributes": {
            "ami": "ami-0ed2df11a6d41ea78",
            "arn": "arn:aws:ec2:eu-west-2:626298535712:instance/i-092b314c363db9f79",
            "associate_public_ip_address": false,
            "availability_zone": "eu-west-2a",
            "cpu_core_count": 1,
            "cpu_threads_per_core": 2,
            "credit_specification": [
              {
                "cpu_credits": "unlimited"
              }
            ],
            "disable_api_termination": false,
            "ebs_block_device": [],
            "ebs_optimized": false,
            "ephemeral_block_device": [],
            "get_password_data": false,
            "hibernation": false,
            "host_id": null,
            "iam_instance_profile": "volume-mount-test",
            "id": "i-092b314c363db9f79",
            "instance_initiated_shutdown_behavior": null,
            "instance_state": "running",
            "instance_type": "t3.micro",
            "ipv6_address_count": 0,
            "ipv6_addresses": [],
            "key_name": "",
            "metadata_options": [
              {
                "http_endpoint": "enabled",
                "http_put_response_hop_limit": 1,
                "http_tokens": "optional"
              }
            ],
            "monitoring": false,
            "network_interface": [],
            "network_interface_id": null,
            "password_data": "",
            "placement_group": "",
            "primary_network_interface_id": "eni-04de8419782d09f81",
            "private_dns": "ip-10-0-3-225.eu-west-2.compute.internal",
            "private_ip": "10.0.3.225",
            "public_dns": "",
            "public_ip": "",
            "root_block_device": [
              {
                "delete_on_termination": true,
                "encrypted": false,
                "iops": 100,
                "kms_key_id": "",
                "volume_id": "vol-0000d34536a7d9a15",
                "volume_size": 20,
                "volume_type": "gp2"
              }
            ],
            "security_groups": [],
            "source_dest_check": true,
            "subnet_id": "subnet-099a2c9f724d60ae7",
            "tags": {
              "Name": "volume-mount-test-0"
            },
            "tenancy": "default",
            "timeouts": null,
            "user_data": "a4e3a861f53cb7bd49d4f443b49c2d7e887ad794",
            "user_data_base64": null,
            "volume_tags": {},
            "vpc_security_group_ids": [
              "sg-00ae163a16703e072"
            ]
          },
          "private": "eyJlMmJmYjczMC1lY2FhLTExZTYtOGY4OC0zNDM2M2JjN2M0YzAiOnsiY3JlYXRlIjo2MDAwMDAwMDAwMDAsImRlbGV0ZSI6MTIwMDAwMDAwMDAwMCwidXBkYXRlIjo2MDAwMDAwMDAwMDB9LCJzY2hlbWFfdmVyc2lvbiI6IjEifQ==",
          "dependencies": [
            "aws_iam_instance_profile.volume-mount-test",
            "module.vpc.aws_subnet.private"
          ]
        },
        {
          "index_key": 1,
          "schema_version": 1,
          "attributes": {
            "ami": "ami-0ed2df11a6d41ea78",
            "arn": "arn:aws:ec2:eu-west-2:626298535712:instance/i-0f49627e56903ca2d",
            "associate_public_ip_address": false,
            "availability_zone": "eu-west-2b",
            "cpu_core_count": 1,
            "cpu_threads_per_core": 2,
            "credit_specification": [
              {
                "cpu_credits": "unlimited"
              }
            ],
            "disable_api_termination": false,
            "ebs_block_device": [],
            "ebs_optimized": false,
            "ephemeral_block_device": [],
            "get_password_data": false,
            "hibernation": false,
            "host_id": null,
            "iam_instance_profile": "volume-mount-test",
            "id": "i-0f49627e56903ca2d",
            "instance_initiated_shutdown_behavior": null,
            "instance_state": "running",
            "instance_type": "t3.micro",
            "ipv6_address_count": 0,
            "ipv6_addresses": [],
            "key_name": "",
            "metadata_options": [
              {
                "http_endpoint": "enabled",
                "http_put_response_hop_limit": 1,
                "http_tokens": "optional"
              }
            ],
            "monitoring": false,
            "network_interface": [],
            "network_interface_id": null,
            "password_data": "",
            "placement_group": "",
            "primary_network_interface_id": "eni-0e7c098c4ccc4841e",
            "private_dns": "ip-10-0-4-178.eu-west-2.compute.internal",
            "private_ip": "10.0.4.178",
            "public_dns": "",
            "public_ip": "",
            "root_block_device": [
              {
                "delete_on_termination": true,
                "encrypted": false,
                "iops": 100,
                "kms_key_id": "",
                "volume_id": "vol-0ed8f4c47cdce0e2d",
                "volume_size": 20,
                "volume_type": "gp2"
              }
            ],
            "security_groups": [],
            "source_dest_check": true,
            "subnet_id": "subnet-09ae53f587e5c1a6d",
            "tags": {
              "Name": "volume-mount-test-1"
            },
            "tenancy": "default",
            "timeouts": null,
            "user_data": "a4e3a861f53cb7bd49d4f443b49c2d7e887ad794",
            "user_data_base64": null,
            "volume_tags": {},
            "vpc_security_group_ids": [
              "sg-00ae163a16703e072"
            ]
          },
          "private": "eyJlMmJmYjczMC1lY2FhLTExZTYtOGY4OC0zNDM2M2JjN2M0YzAiOnsiY3JlYXRlIjo2MDAwMDAwMDAwMDAsImRlbGV0ZSI6MTIwMDAwMDAwMDAwMCwidXBkYXRlIjo2MDAwMDAwMDAwMDB9LCJzY2hlbWFfdmVyc2lvbiI6IjEifQ==",
          "dependencies": [
            "aws_iam_instance_profile.volume-mount-test",
            "module.vpc.aws_subnet.private"
          ]
        },
        {
          "index_key": 2,
          "schema_version": 1,
          "attributes": {
            "ami": "ami-0ed2df11a6d41ea78",
            "arn": "arn:aws:ec2:eu-west-2:626298535712:instance/i-0dc2d1cc0907f9ab4",
            "associate_public_ip_address": false,
            "availability_zone": "eu-west-2c",
            "cpu_core_count": 1,
            "cpu_threads_per_core": 2,
            "credit_specification": [
              {
                "cpu_credits": "unlimited"
              }
            ],
            "disable_api_termination": false,
            "ebs_block_device": [],
            "ebs_optimized": false,
            "ephemeral_block_device": [],
            "get_password_data": false,
            "hibernation": false,
            "host_id": null,
            "iam_instance_profile": "volume-mount-test",
            "id": "i-0dc2d1cc0907f9ab4",
            "instance_initiated_shutdown_behavior": null,
            "instance_state": "running",
            "instance_type": "t3.micro",
            "ipv6_address_count": 0,
            "ipv6_addresses": [],
            "key_name": "",
            "metadata_options": [
              {
                "http_endpoint": "enabled",
                "http_put_response_hop_limit": 1,
                "http_tokens": "optional"
              }
            ],
            "monitoring": false,
            "network_interface": [],
            "network_interface_id": null,
            "password_data": "",
            "placement_group": "",
            "primary_network_interface_id": "eni-01ea21048d3c8128a",
            "private_dns": "ip-10-0-5-165.eu-west-2.compute.internal",
            "private_ip": "10.0.5.165",
            "public_dns": "",
            "public_ip": "",
            "root_block_device": [
              {
                "delete_on_termination": true,
                "encrypted": false,
                "iops": 100,
                "kms_key_id": "",
                "volume_id": "vol-07158c0cb19a64a8a",
                "volume_size": 20,
                "volume_type": "gp2"
              }
            ],
            "security_groups": [],
            "source_dest_check": true,
            "subnet_id": "subnet-009f790c423e83df1",
            "tags": {
              "Name": "volume-mount-test-2"
            },
            "tenancy": "default",
            "timeouts": null,
            "user_data": "a4e3a861f53cb7bd49d4f443b49c2d7e887ad794",
            "user_data_base64": null,
            "volume_tags": {},
            "vpc_security_group_ids": [
              "sg-00ae163a16703e072"
            ]
          },
          "private": "eyJlMmJmYjczMC1lY2FhLTExZTYtOGY4OC0zNDM2M2JjN2M0YzAiOnsiY3JlYXRlIjo2MDAwMDAwMDAwMDAsImRlbGV0ZSI6MTIwMDAwMDAwMDAwMCwidXBkYXRlIjo2MDAwMDAwMDAwMDB9LCJzY2hlbWFfdmVyc2lvbiI6IjEifQ==",
          "dependencies": [
            "aws_iam_instance_profile.volume-mount-test",
            "module.vpc.aws_subnet.private"
          ]
        }
      ]
    },
    {
      "module": "module.vpc",
      "mode": "managed",
      "type": "aws_internet_gateway",
      "name": "gw",
      "provider": "provider.aws",
      "instances": [
        {
          "schema_version": 0,
          "attributes": {
            "id": "igw-081d3abad68021087",
            "owner_id": "626298535712",
            "tags": {
              "Name": "VOLUME-MOUNT-TEST-IGW",
              "application": "volume-mount-test"
            },
            "vpc_id": "vpc-0fb8acfaa5f102c41"
          },
          "private": "bnVsbA==",
          "dependencies": [
            "module.vpc.aws_vpc.main"
          ]
        }
      ]
    },
    {
      "module": "module.vpc",
      "mode": "managed",
      "type": "aws_nat_gateway",
      "name": "natgateway",
      "each": "list",
      "provider": "provider.aws",
      "instances": [
        {
          "index_key": 0,
          "schema_version": 0,
          "attributes": {
            "allocation_id": "eipalloc-0078c62374f4fe0e2",
            "id": "nat-04a9e73e63061af01",
            "network_interface_id": "eni-0c0c7c20c279bdf39",
            "private_ip": "10.0.0.26",
            "public_ip": "18.132.4.13",
            "subnet_id": "subnet-0460e7af848f788b3",
            "tags": {
              "Name": "VOLUME-MOUNT-TEST-AZ1",
              "application": "volume-mount-test"
            }
          },
          "private": "bnVsbA==",
          "dependencies": [
            "module.vpc.aws_eip.nateip",
            "module.vpc.aws_internet_gateway.gw",
            "module.vpc.aws_subnet.public",
            "module.vpc.aws_vpc.main"
          ]
        },
        {
          "index_key": 1,
          "schema_version": 0,
          "attributes": {
            "allocation_id": "eipalloc-0c5d25022db13e25a",
            "id": "nat-0fc43431dd853b2e6",
            "network_interface_id": "eni-068fefcdbcca91469",
            "private_ip": "10.0.1.38",
            "public_ip": "18.130.28.19",
            "subnet_id": "subnet-035a3757a418a1f8d",
            "tags": {
              "Name": "VOLUME-MOUNT-TEST-AZ2",
              "application": "volume-mount-test"
            }
          },
          "private": "bnVsbA==",
          "dependencies": [
            "module.vpc.aws_eip.nateip",
            "module.vpc.aws_internet_gateway.gw",
            "module.vpc.aws_subnet.public",
            "module.vpc.aws_vpc.main"
          ]
        },
        {
          "index_key": 2,
          "schema_version": 0,
          "attributes": {
            "allocation_id": "eipalloc-0d1eca4db845c4545",
            "id": "nat-092e9ed7dfc28136e",
            "network_interface_id": "eni-02e1c0ae77068ec45",
            "private_ip": "10.0.2.12",
            "public_ip": "18.132.29.112",
            "subnet_id": "subnet-082497fd280272314",
            "tags": {
              "Name": "VOLUME-MOUNT-TEST-AZ3",
              "application": "volume-mount-test"
            }
          },
          "private": "bnVsbA==",
          "dependencies": [
            "module.vpc.aws_eip.nateip",
            "module.vpc.aws_internet_gateway.gw",
            "module.vpc.aws_subnet.public",
            "module.vpc.aws_vpc.main"
          ]
        }
      ]
    },
    {
      "module": "module.vpc",
      "mode": "managed",
      "type": "aws_network_acl",
      "name": "networkaclprivatea",
      "provider": "provider.aws",
      "instances": [
        {
          "schema_version": 0,
          "attributes": {
            "egress": [
              {
                "action": "allow",
                "cidr_block": "0.0.0.0/0",
                "from_port": 0,
                "icmp_code": 0,
                "icmp_type": 0,
                "ipv6_cidr_block": "",
                "protocol": "-1",
                "rule_no": 100,
                "to_port": 0
              }
            ],
            "id": "acl-02dcc1cea704592c7",
            "ingress": [
              {
                "action": "allow",
                "cidr_block": "0.0.0.0/0",
                "from_port": 0,
                "icmp_code": 0,
                "icmp_type": 0,
                "ipv6_cidr_block": "",
                "protocol": "-1",
                "rule_no": 100,
                "to_port": 0
              }
            ],
            "owner_id": "626298535712",
            "subnet_id": null,
            "subnet_ids": [
              "subnet-099a2c9f724d60ae7"
            ],
            "tags": {
              "Name": "volume-mount-test-NetworkAcl-Private-subnet-099a2c9f724d60ae7",
              "application": "volume-mount-test"
            },
            "vpc_id": "vpc-0fb8acfaa5f102c41"
          },
          "private": "bnVsbA==",
          "dependencies": [
            "module.vpc.aws_subnet.private",
            "module.vpc.aws_vpc.main"
          ]
        }
      ]
    },
    {
      "module": "module.vpc",
      "mode": "managed",
      "type": "aws_network_acl",
      "name": "networkaclprivateb",
      "provider": "provider.aws",
      "instances": [
        {
          "schema_version": 0,
          "attributes": {
            "egress": [
              {
                "action": "allow",
                "cidr_block": "0.0.0.0/0",
                "from_port": 0,
                "icmp_code": 0,
                "icmp_type": 0,
                "ipv6_cidr_block": "",
                "protocol": "-1",
                "rule_no": 100,
                "to_port": 0
              }
            ],
            "id": "acl-0c0fd4a15581bfd92",
            "ingress": [
              {
                "action": "allow",
                "cidr_block": "0.0.0.0/0",
                "from_port": 0,
                "icmp_code": 0,
                "icmp_type": 0,
                "ipv6_cidr_block": "",
                "protocol": "-1",
                "rule_no": 100,
                "to_port": 0
              }
            ],
            "owner_id": "626298535712",
            "subnet_id": null,
            "subnet_ids": [
              "subnet-09ae53f587e5c1a6d"
            ],
            "tags": {
              "Name": "volume-mount-test-NetworkAcl-Private-subnet-09ae53f587e5c1a6d",
              "application": "volume-mount-test"
            },
            "vpc_id": "vpc-0fb8acfaa5f102c41"
          },
          "private": "bnVsbA==",
          "dependencies": [
            "module.vpc.aws_subnet.private",
            "module.vpc.aws_vpc.main"
          ]
        }
      ]
    },
    {
      "module": "module.vpc",
      "mode": "managed",
      "type": "aws_network_acl",
      "name": "networkaclprivatec",
      "provider": "provider.aws",
      "instances": [
        {
          "schema_version": 0,
          "attributes": {
            "egress": [
              {
                "action": "allow",
                "cidr_block": "0.0.0.0/0",
                "from_port": 0,
                "icmp_code": 0,
                "icmp_type": 0,
                "ipv6_cidr_block": "",
                "protocol": "-1",
                "rule_no": 100,
                "to_port": 0
              }
            ],
            "id": "acl-047d57de4556104b2",
            "ingress": [
              {
                "action": "allow",
                "cidr_block": "0.0.0.0/0",
                "from_port": 0,
                "icmp_code": 0,
                "icmp_type": 0,
                "ipv6_cidr_block": "",
                "protocol": "-1",
                "rule_no": 100,
                "to_port": 0
              }
            ],
            "owner_id": "626298535712",
            "subnet_id": null,
            "subnet_ids": [
              "subnet-009f790c423e83df1"
            ],
            "tags": {
              "Name": "volume-mount-test-NetworkAcl-Private-subnet-009f790c423e83df1",
              "application": "volume-mount-test"
            },
            "vpc_id": "vpc-0fb8acfaa5f102c41"
          },
          "private": "bnVsbA==",
          "dependencies": [
            "module.vpc.aws_subnet.private",
            "module.vpc.aws_vpc.main"
          ]
        }
      ]
    },
    {
      "module": "module.vpc",
      "mode": "managed",
      "type": "aws_network_acl",
      "name": "networkaclpublic",
      "provider": "provider.aws",
      "instances": [
        {
          "schema_version": 0,
          "attributes": {
            "egress": [
              {
                "action": "allow",
                "cidr_block": "0.0.0.0/0",
                "from_port": 0,
                "icmp_code": 0,
                "icmp_type": 0,
                "ipv6_cidr_block": "",
                "protocol": "-1",
                "rule_no": 100,
                "to_port": 0
              }
            ],
            "id": "acl-0047f8a619de9781e",
            "ingress": [
              {
                "action": "allow",
                "cidr_block": "0.0.0.0/0",
                "from_port": 0,
                "icmp_code": 0,
                "icmp_type": 0,
                "ipv6_cidr_block": "",
                "protocol": "-1",
                "rule_no": 100,
                "to_port": 0
              }
            ],
            "owner_id": "626298535712",
            "subnet_id": null,
            "subnet_ids": [
              "subnet-035a3757a418a1f8d",
              "subnet-0460e7af848f788b3",
              "subnet-082497fd280272314"
            ],
            "tags": {
              "Name": "volume-mount-test-NetworkAcl-Public",
              "application": "volume-mount-test"
            },
            "vpc_id": "vpc-0fb8acfaa5f102c41"
          },
          "private": "bnVsbA==",
          "dependencies": [
            "module.vpc.aws_subnet.public",
            "module.vpc.aws_vpc.main"
          ]
        }
      ]
    },
    {
      "module": "module.vpc",
      "mode": "managed",
      "type": "aws_route",
      "name": "privatea",
      "provider": "provider.aws",
      "instances": [
        {
          "schema_version": 0,
          "attributes": {
            "destination_cidr_block": "0.0.0.0/0",
            "destination_ipv6_cidr_block": null,
            "destination_prefix_list_id": "",
            "egress_only_gateway_id": "",
            "gateway_id": "",
            "id": "r-rtb-0c57093129eb8c36d1080289494",
            "instance_id": "",
            "instance_owner_id": "",
            "nat_gateway_id": "nat-04a9e73e63061af01",
            "network_interface_id": "",
            "origin": "CreateRoute",
            "route_table_id": "rtb-0c57093129eb8c36d",
            "state": "active",
            "timeouts": null,
            "transit_gateway_id": "",
            "vpc_peering_connection_id": ""
          },
          "private": "eyJlMmJmYjczMC1lY2FhLTExZTYtOGY4OC0zNDM2M2JjN2M0YzAiOnsiY3JlYXRlIjoxMjAwMDAwMDAwMDAsImRlbGV0ZSI6MzAwMDAwMDAwMDAwfX0=",
          "dependencies": [
            "module.vpc.aws_eip.nateip",
            "module.vpc.aws_internet_gateway.gw",
            "module.vpc.aws_nat_gateway.natgateway",
            "module.vpc.aws_route_table.privatea",
            "module.vpc.aws_subnet.private",
            "module.vpc.aws_subnet.public",
            "module.vpc.aws_vpc.main",
            "module.vpc.aws_vpn_gateway.vpn_gw"
          ]
        }
      ]
    },
    {
      "module": "module.vpc",
      "mode": "managed",
      "type": "aws_route",
      "name": "privateb",
      "provider": "provider.aws",
      "instances": [
        {
          "schema_version": 0,
          "attributes": {
            "destination_cidr_block": "0.0.0.0/0",
            "destination_ipv6_cidr_block": null,
            "destination_prefix_list_id": "",
            "egress_only_gateway_id": "",
            "gateway_id": "",
            "id": "r-rtb-05f467fde9a5b14f41080289494",
            "instance_id": "",
            "instance_owner_id": "",
            "nat_gateway_id": "nat-0fc43431dd853b2e6",
            "network_interface_id": "",
            "origin": "CreateRoute",
            "route_table_id": "rtb-05f467fde9a5b14f4",
            "state": "active",
            "timeouts": null,
            "transit_gateway_id": "",
            "vpc_peering_connection_id": ""
          },
          "private": "eyJlMmJmYjczMC1lY2FhLTExZTYtOGY4OC0zNDM2M2JjN2M0YzAiOnsiY3JlYXRlIjoxMjAwMDAwMDAwMDAsImRlbGV0ZSI6MzAwMDAwMDAwMDAwfX0=",
          "dependencies": [
            "module.vpc.aws_eip.nateip",
            "module.vpc.aws_internet_gateway.gw",
            "module.vpc.aws_nat_gateway.natgateway",
            "module.vpc.aws_route_table.privateb",
            "module.vpc.aws_subnet.private",
            "module.vpc.aws_subnet.public",
            "module.vpc.aws_vpc.main",
            "module.vpc.aws_vpn_gateway.vpn_gw"
          ]
        }
      ]
    },
    {
      "module": "module.vpc",
      "mode": "managed",
      "type": "aws_route",
      "name": "privatec",
      "provider": "provider.aws",
      "instances": [
        {
          "schema_version": 0,
          "attributes": {
            "destination_cidr_block": "0.0.0.0/0",
            "destination_ipv6_cidr_block": null,
            "destination_prefix_list_id": "",
            "egress_only_gateway_id": "",
            "gateway_id": "",
            "id": "r-rtb-0b642db6e60e62e071080289494",
            "instance_id": "",
            "instance_owner_id": "",
            "nat_gateway_id": "nat-092e9ed7dfc28136e",
            "network_interface_id": "",
            "origin": "CreateRoute",
            "route_table_id": "rtb-0b642db6e60e62e07",
            "state": "active",
            "timeouts": null,
            "transit_gateway_id": "",
            "vpc_peering_connection_id": ""
          },
          "private": "eyJlMmJmYjczMC1lY2FhLTExZTYtOGY4OC0zNDM2M2JjN2M0YzAiOnsiY3JlYXRlIjoxMjAwMDAwMDAwMDAsImRlbGV0ZSI6MzAwMDAwMDAwMDAwfX0=",
          "dependencies": [
            "module.vpc.aws_eip.nateip",
            "module.vpc.aws_internet_gateway.gw",
            "module.vpc.aws_nat_gateway.natgateway",
            "module.vpc.aws_route_table.privatec",
            "module.vpc.aws_subnet.private",
            "module.vpc.aws_subnet.public",
            "module.vpc.aws_vpc.main",
            "module.vpc.aws_vpn_gateway.vpn_gw"
          ]
        }
      ]
    },
    {
      "module": "module.vpc",
      "mode": "managed",
      "type": "aws_route",
      "name": "public",
      "provider": "provider.aws",
      "instances": [
        {
          "schema_version": 0,
          "attributes": {
            "destination_cidr_block": "0.0.0.0/0",
            "destination_ipv6_cidr_block": null,
            "destination_prefix_list_id": "",
            "egress_only_gateway_id": "",
            "gateway_id": "igw-081d3abad68021087",
            "id": "r-rtb-0d08125f6a4e841f71080289494",
            "instance_id": "",
            "instance_owner_id": "",
            "nat_gateway_id": "",
            "network_interface_id": "",
            "origin": "CreateRoute",
            "route_table_id": "rtb-0d08125f6a4e841f7",
            "state": "active",
            "timeouts": null,
            "transit_gateway_id": "",
            "vpc_peering_connection_id": ""
          },
          "private": "eyJlMmJmYjczMC1lY2FhLTExZTYtOGY4OC0zNDM2M2JjN2M0YzAiOnsiY3JlYXRlIjoxMjAwMDAwMDAwMDAsImRlbGV0ZSI6MzAwMDAwMDAwMDAwfX0=",
          "dependencies": [
            "module.vpc.aws_internet_gateway.gw",
            "module.vpc.aws_route_table.public",
            "module.vpc.aws_vpc.main"
          ]
        }
      ]
    },
    {
      "module": "module.vpc",
      "mode": "managed",
      "type": "aws_route_table",
      "name": "privatea",
      "provider": "provider.aws",
      "instances": [
        {
          "schema_version": 0,
          "attributes": {
            "id": "rtb-0c57093129eb8c36d",
            "owner_id": "626298535712",
            "propagating_vgws": [
              "vgw-0c8c658050449062c"
            ],
            "route": [
              {
                "cidr_block": "0.0.0.0/0",
                "egress_only_gateway_id": "",
                "gateway_id": "",
                "instance_id": "",
                "ipv6_cidr_block": "",
                "nat_gateway_id": "nat-04a9e73e63061af01",
                "network_interface_id": "",
                "transit_gateway_id": "",
                "vpc_peering_connection_id": ""
              }
            ],
            "tags": {
              "Name": "volume-mount-test-Private-subnet-099a2c9f724d60ae7",
              "application": "volume-mount-test"
            },
            "vpc_id": "vpc-0fb8acfaa5f102c41"
          },
          "private": "bnVsbA==",
          "dependencies": [
            "module.vpc.aws_subnet.private",
            "module.vpc.aws_vpc.main",
            "module.vpc.aws_vpn_gateway.vpn_gw"
          ]
        }
      ]
    },
    {
      "module": "module.vpc",
      "mode": "managed",
      "type": "aws_route_table",
      "name": "privateb",
      "provider": "provider.aws",
      "instances": [
        {
          "schema_version": 0,
          "attributes": {
            "id": "rtb-05f467fde9a5b14f4",
            "owner_id": "626298535712",
            "propagating_vgws": [
              "vgw-0c8c658050449062c"
            ],
            "route": [
              {
                "cidr_block": "0.0.0.0/0",
                "egress_only_gateway_id": "",
                "gateway_id": "",
                "instance_id": "",
                "ipv6_cidr_block": "",
                "nat_gateway_id": "nat-0fc43431dd853b2e6",
                "network_interface_id": "",
                "transit_gateway_id": "",
                "vpc_peering_connection_id": ""
              }
            ],
            "tags": {
              "Name": "volume-mount-test-Private-subnet-09ae53f587e5c1a6d",
              "application": "volume-mount-test"
            },
            "vpc_id": "vpc-0fb8acfaa5f102c41"
          },
          "private": "bnVsbA==",
          "dependencies": [
            "module.vpc.aws_subnet.private",
            "module.vpc.aws_vpc.main",
            "module.vpc.aws_vpn_gateway.vpn_gw"
          ]
        }
      ]
    },
    {
      "module": "module.vpc",
      "mode": "managed",
      "type": "aws_route_table",
      "name": "privatec",
      "provider": "provider.aws",
      "instances": [
        {
          "schema_version": 0,
          "attributes": {
            "id": "rtb-0b642db6e60e62e07",
            "owner_id": "626298535712",
            "propagating_vgws": [
              "vgw-0c8c658050449062c"
            ],
            "route": [
              {
                "cidr_block": "0.0.0.0/0",
                "egress_only_gateway_id": "",
                "gateway_id": "",
                "instance_id": "",
                "ipv6_cidr_block": "",
                "nat_gateway_id": "nat-092e9ed7dfc28136e",
                "network_interface_id": "",
                "transit_gateway_id": "",
                "vpc_peering_connection_id": ""
              }
            ],
            "tags": {
              "Name": "volume-mount-test-Private-subnet-009f790c423e83df1",
              "application": "volume-mount-test"
            },
            "vpc_id": "vpc-0fb8acfaa5f102c41"
          },
          "private": "bnVsbA==",
          "dependencies": [
            "module.vpc.aws_subnet.private",
            "module.vpc.aws_vpc.main",
            "module.vpc.aws_vpn_gateway.vpn_gw"
          ]
        }
      ]
    },
    {
      "module": "module.vpc",
      "mode": "managed",
      "type": "aws_route_table",
      "name": "public",
      "provider": "provider.aws",
      "instances": [
        {
          "schema_version": 0,
          "attributes": {
            "id": "rtb-0d08125f6a4e841f7",
            "owner_id": "626298535712",
            "propagating_vgws": [],
            "route": [
              {
                "cidr_block": "0.0.0.0/0",
                "egress_only_gateway_id": "",
                "gateway_id": "igw-081d3abad68021087",
                "instance_id": "",
                "ipv6_cidr_block": "",
                "nat_gateway_id": "",
                "network_interface_id": "",
                "transit_gateway_id": "",
                "vpc_peering_connection_id": ""
              }
            ],
            "tags": {
              "Name": "VOLUME-MOUNT-TEST-Public",
              "application": "volume-mount-test"
            },
            "vpc_id": "vpc-0fb8acfaa5f102c41"
          },
          "private": "bnVsbA==",
          "dependencies": [
            "module.vpc.aws_vpc.main"
          ]
        }
      ]
    },
    {
      "module": "module.vpc",
      "mode": "managed",
      "type": "aws_route_table_association",
      "name": "privatea",
      "provider": "provider.aws",
      "instances": [
        {
          "schema_version": 0,
          "attributes": {
            "gateway_id": null,
            "id": "rtbassoc-01bdea93a2ae87894",
            "route_table_id": "rtb-0c57093129eb8c36d",
            "subnet_id": "subnet-099a2c9f724d60ae7"
          },
          "private": "bnVsbA==",
          "dependencies": [
            "module.vpc.aws_route_table.privatea",
            "module.vpc.aws_subnet.private",
            "module.vpc.aws_vpc.main",
            "module.vpc.aws_vpn_gateway.vpn_gw"
          ]
        }
      ]
    },
    {
      "module": "module.vpc",
      "mode": "managed",
      "type": "aws_route_table_association",
      "name": "privateb",
      "provider": "provider.aws",
      "instances": [
        {
          "schema_version": 0,
          "attributes": {
            "gateway_id": null,
            "id": "rtbassoc-02704a59a3960f2f9",
            "route_table_id": "rtb-05f467fde9a5b14f4",
            "subnet_id": "subnet-09ae53f587e5c1a6d"
          },
          "private": "bnVsbA==",
          "dependencies": [
            "module.vpc.aws_route_table.privateb",
            "module.vpc.aws_subnet.private",
            "module.vpc.aws_vpc.main",
            "module.vpc.aws_vpn_gateway.vpn_gw"
          ]
        }
      ]
    },
    {
      "module": "module.vpc",
      "mode": "managed",
      "type": "aws_route_table_association",
      "name": "privatec",
      "provider": "provider.aws",
      "instances": [
        {
          "schema_version": 0,
          "attributes": {
            "gateway_id": null,
            "id": "rtbassoc-0b0ad246f48b1b337",
            "route_table_id": "rtb-0b642db6e60e62e07",
            "subnet_id": "subnet-009f790c423e83df1"
          },
          "private": "bnVsbA==",
          "dependencies": [
            "module.vpc.aws_route_table.privatec",
            "module.vpc.aws_subnet.private",
            "module.vpc.aws_vpc.main",
            "module.vpc.aws_vpn_gateway.vpn_gw"
          ]
        }
      ]
    },
    {
      "module": "module.vpc",
      "mode": "managed",
      "type": "aws_route_table_association",
      "name": "public",
      "provider": "provider.aws",
      "instances": [
        {
          "schema_version": 0,
          "attributes": {
            "gateway_id": null,
            "id": "rtbassoc-0b8ed2e894a9598f3",
            "route_table_id": "rtb-0d08125f6a4e841f7",
            "subnet_id": "subnet-0460e7af848f788b3"
          },
          "private": "bnVsbA==",
          "dependencies": [
            "module.vpc.aws_route_table.public",
            "module.vpc.aws_subnet.public",
            "module.vpc.aws_vpc.main"
          ]
        }
      ]
    },
    {
      "module": "module.vpc",
      "mode": "managed",
      "type": "aws_route_table_association",
      "name": "public-1",
      "provider": "provider.aws",
      "instances": [
        {
          "schema_version": 0,
          "attributes": {
            "gateway_id": null,
            "id": "rtbassoc-0b8e17f5cc5256387",
            "route_table_id": "rtb-0d08125f6a4e841f7",
            "subnet_id": "subnet-035a3757a418a1f8d"
          },
          "private": "bnVsbA==",
          "dependencies": [
            "module.vpc.aws_route_table.public",
            "module.vpc.aws_subnet.public",
            "module.vpc.aws_vpc.main"
          ]
        }
      ]
    },
    {
      "module": "module.vpc",
      "mode": "managed",
      "type": "aws_route_table_association",
      "name": "public-2",
      "provider": "provider.aws",
      "instances": [
        {
          "schema_version": 0,
          "attributes": {
            "gateway_id": null,
            "id": "rtbassoc-024696d83c9f04c4f",
            "route_table_id": "rtb-0d08125f6a4e841f7",
            "subnet_id": "subnet-082497fd280272314"
          },
          "private": "bnVsbA==",
          "dependencies": [
            "module.vpc.aws_route_table.public",
            "module.vpc.aws_subnet.public",
            "module.vpc.aws_vpc.main"
          ]
        }
      ]
    },
    {
      "module": "module.vpc",
      "mode": "managed",
      "type": "aws_subnet",
      "name": "private",
      "each": "list",
      "provider": "provider.aws",
      "instances": [
        {
          "index_key": 0,
          "schema_version": 1,
          "attributes": {
            "arn": "arn:aws:ec2:eu-west-2:626298535712:subnet/subnet-099a2c9f724d60ae7",
            "assign_ipv6_address_on_creation": false,
            "availability_zone": "eu-west-2a",
            "availability_zone_id": "euw2-az2",
            "cidr_block": "10.0.3.0/24",
            "id": "subnet-099a2c9f724d60ae7",
            "ipv6_cidr_block": "",
            "ipv6_cidr_block_association_id": "",
            "map_public_ip_on_launch": false,
            "owner_id": "626298535712",
            "tags": {
              "Name": "VOLUME-MOUNT-TEST-Private-A",
              "Type": "Private",
              "application": "volume-mount-test"
            },
            "timeouts": null,
            "vpc_id": "vpc-0fb8acfaa5f102c41"
          },
          "private": "eyJlMmJmYjczMC1lY2FhLTExZTYtOGY4OC0zNDM2M2JjN2M0YzAiOnsiY3JlYXRlIjo2MDAwMDAwMDAwMDAsImRlbGV0ZSI6MTIwMDAwMDAwMDAwMH0sInNjaGVtYV92ZXJzaW9uIjoiMSJ9",
          "dependencies": [
            "module.vpc.aws_vpc.main"
          ]
        },
        {
          "index_key": 1,
          "schema_version": 1,
          "attributes": {
            "arn": "arn:aws:ec2:eu-west-2:626298535712:subnet/subnet-09ae53f587e5c1a6d",
            "assign_ipv6_address_on_creation": false,
            "availability_zone": "eu-west-2b",
            "availability_zone_id": "euw2-az3",
            "cidr_block": "10.0.4.0/24",
            "id": "subnet-09ae53f587e5c1a6d",
            "ipv6_cidr_block": "",
            "ipv6_cidr_block_association_id": "",
            "map_public_ip_on_launch": false,
            "owner_id": "626298535712",
            "tags": {
              "Name": "VOLUME-MOUNT-TEST-Private-B",
              "Type": "Private",
              "application": "volume-mount-test"
            },
            "timeouts": null,
            "vpc_id": "vpc-0fb8acfaa5f102c41"
          },
          "private": "eyJlMmJmYjczMC1lY2FhLTExZTYtOGY4OC0zNDM2M2JjN2M0YzAiOnsiY3JlYXRlIjo2MDAwMDAwMDAwMDAsImRlbGV0ZSI6MTIwMDAwMDAwMDAwMH0sInNjaGVtYV92ZXJzaW9uIjoiMSJ9",
          "dependencies": [
            "module.vpc.aws_vpc.main"
          ]
        },
        {
          "index_key": 2,
          "schema_version": 1,
          "attributes": {
            "arn": "arn:aws:ec2:eu-west-2:626298535712:subnet/subnet-009f790c423e83df1",
            "assign_ipv6_address_on_creation": false,
            "availability_zone": "eu-west-2c",
            "availability_zone_id": "euw2-az1",
            "cidr_block": "10.0.5.0/24",
            "id": "subnet-009f790c423e83df1",
            "ipv6_cidr_block": "",
            "ipv6_cidr_block_association_id": "",
            "map_public_ip_on_launch": false,
            "owner_id": "626298535712",
            "tags": {
              "Name": "VOLUME-MOUNT-TEST-Private-C",
              "Type": "Private",
              "application": "volume-mount-test"
            },
            "timeouts": null,
            "vpc_id": "vpc-0fb8acfaa5f102c41"
          },
          "private": "eyJlMmJmYjczMC1lY2FhLTExZTYtOGY4OC0zNDM2M2JjN2M0YzAiOnsiY3JlYXRlIjo2MDAwMDAwMDAwMDAsImRlbGV0ZSI6MTIwMDAwMDAwMDAwMH0sInNjaGVtYV92ZXJzaW9uIjoiMSJ9",
          "dependencies": [
            "module.vpc.aws_vpc.main"
          ]
        }
      ]
    },
    {
      "module": "module.vpc",
      "mode": "managed",
      "type": "aws_subnet",
      "name": "public",
      "each": "list",
      "provider": "provider.aws",
      "instances": [
        {
          "index_key": 0,
          "schema_version": 1,
          "attributes": {
            "arn": "arn:aws:ec2:eu-west-2:626298535712:subnet/subnet-0460e7af848f788b3",
            "assign_ipv6_address_on_creation": false,
            "availability_zone": "eu-west-2a",
            "availability_zone_id": "euw2-az2",
            "cidr_block": "10.0.0.0/24",
            "id": "subnet-0460e7af848f788b3",
            "ipv6_cidr_block": "",
            "ipv6_cidr_block_association_id": "",
            "map_public_ip_on_launch": false,
            "owner_id": "626298535712",
            "tags": {
              "Name": "VOLUME-MOUNT-TEST-Public-A",
              "Type": "Public",
              "application": "volume-mount-test"
            },
            "timeouts": null,
            "vpc_id": "vpc-0fb8acfaa5f102c41"
          },
          "private": "eyJlMmJmYjczMC1lY2FhLTExZTYtOGY4OC0zNDM2M2JjN2M0YzAiOnsiY3JlYXRlIjo2MDAwMDAwMDAwMDAsImRlbGV0ZSI6MTIwMDAwMDAwMDAwMH0sInNjaGVtYV92ZXJzaW9uIjoiMSJ9",
          "dependencies": [
            "module.vpc.aws_vpc.main"
          ]
        },
        {
          "index_key": 1,
          "schema_version": 1,
          "attributes": {
            "arn": "arn:aws:ec2:eu-west-2:626298535712:subnet/subnet-035a3757a418a1f8d",
            "assign_ipv6_address_on_creation": false,
            "availability_zone": "eu-west-2b",
            "availability_zone_id": "euw2-az3",
            "cidr_block": "10.0.1.0/24",
            "id": "subnet-035a3757a418a1f8d",
            "ipv6_cidr_block": "",
            "ipv6_cidr_block_association_id": "",
            "map_public_ip_on_launch": false,
            "owner_id": "626298535712",
            "tags": {
              "Name": "VOLUME-MOUNT-TEST-Public-B",
              "Type": "Public",
              "application": "volume-mount-test"
            },
            "timeouts": null,
            "vpc_id": "vpc-0fb8acfaa5f102c41"
          },
          "private": "eyJlMmJmYjczMC1lY2FhLTExZTYtOGY4OC0zNDM2M2JjN2M0YzAiOnsiY3JlYXRlIjo2MDAwMDAwMDAwMDAsImRlbGV0ZSI6MTIwMDAwMDAwMDAwMH0sInNjaGVtYV92ZXJzaW9uIjoiMSJ9",
          "dependencies": [
            "module.vpc.aws_vpc.main"
          ]
        },
        {
          "index_key": 2,
          "schema_version": 1,
          "attributes": {
            "arn": "arn:aws:ec2:eu-west-2:626298535712:subnet/subnet-082497fd280272314",
            "assign_ipv6_address_on_creation": false,
            "availability_zone": "eu-west-2c",
            "availability_zone_id": "euw2-az1",
            "cidr_block": "10.0.2.0/24",
            "id": "subnet-082497fd280272314",
            "ipv6_cidr_block": "",
            "ipv6_cidr_block_association_id": "",
            "map_public_ip_on_launch": false,
            "owner_id": "626298535712",
            "tags": {
              "Name": "VOLUME-MOUNT-TEST-Public-C",
              "Type": "Public",
              "application": "volume-mount-test"
            },
            "timeouts": null,
            "vpc_id": "vpc-0fb8acfaa5f102c41"
          },
          "private": "eyJlMmJmYjczMC1lY2FhLTExZTYtOGY4OC0zNDM2M2JjN2M0YzAiOnsiY3JlYXRlIjo2MDAwMDAwMDAwMDAsImRlbGV0ZSI6MTIwMDAwMDAwMDAwMH0sInNjaGVtYV92ZXJzaW9uIjoiMSJ9",
          "dependencies": [
            "module.vpc.aws_vpc.main"
          ]
        }
      ]
    },
    {
      "mode": "managed",
      "type": "aws_volume_attachment",
      "name": "volume-mount-test",
      "each": "list",
      "provider": "provider.aws",
      "instances": [
        {
          "index_key": 0,
          "schema_version": 0,
          "attributes": {
            "device_name": "/dev/xvdp",
            "force_detach": null,
            "id": "vai-2374319112",
            "instance_id": "i-092b314c363db9f79",
            "skip_destroy": null,
            "volume_id": "vol-0dcf91f74fec43b58"
          },
          "private": "bnVsbA==",
          "dependencies": [
            "aws_ebs_volume.volume-mount-test",
            "aws_iam_instance_profile.volume-mount-test",
            "aws_instance.volume-mount-test",
            "module.vpc.aws_subnet.private"
          ]
        },
        {
          "index_key": 1,
          "schema_version": 0,
          "attributes": {
            "device_name": "/dev/xvdp",
            "force_detach": null,
            "id": "vai-3487322424",
            "instance_id": "i-0f49627e56903ca2d",
            "skip_destroy": null,
            "volume_id": "vol-0f5b0738a89b2be6a"
          },
          "private": "bnVsbA==",
          "dependencies": [
            "aws_ebs_volume.volume-mount-test",
            "aws_iam_instance_profile.volume-mount-test",
            "aws_instance.volume-mount-test",
            "module.vpc.aws_subnet.private"
          ]
        },
        {
          "index_key": 2,
          "schema_version": 0,
          "attributes": {
            "device_name": "/dev/xvdp",
            "force_detach": null,
            "id": "vai-4172272982",
            "instance_id": "i-0dc2d1cc0907f9ab4",
            "skip_destroy": null,
            "volume_id": "vol-07c23c7b2340af600"
          },
          "private": "bnVsbA==",
          "dependencies": [
            "aws_ebs_volume.volume-mount-test",
            "aws_iam_instance_profile.volume-mount-test",
            "aws_instance.volume-mount-test",
            "module.vpc.aws_subnet.private"
          ]
        }
      ]
    },
    {
      "module": "module.vpc",
      "mode": "managed",
      "type": "aws_vpc",
      "name": "main",
      "provider": "provider.aws",
      "instances": [
        {
          "schema_version": 1,
          "attributes": {
            "arn": "arn:aws:ec2:eu-west-2:626298535712:vpc/vpc-0fb8acfaa5f102c41",
            "assign_generated_ipv6_cidr_block": false,
            "cidr_block": "10.0.0.0/21",
            "default_network_acl_id": "acl-0ed636d976f84095f",
            "default_route_table_id": "rtb-0db8e5c20a0e80001",
            "default_security_group_id": "sg-00ae163a16703e072",
            "dhcp_options_id": "dopt-f642ac9f",
            "enable_classiclink": null,
            "enable_classiclink_dns_support": null,
            "enable_dns_hostnames": true,
            "enable_dns_support": true,
            "id": "vpc-0fb8acfaa5f102c41",
            "instance_tenancy": "default",
            "ipv6_association_id": "",
            "ipv6_cidr_block": "",
            "main_route_table_id": "rtb-0db8e5c20a0e80001",
            "owner_id": "626298535712",
            "tags": {
              "Name": "VOLUME-MOUNT-TEST",
              "application": "volume-mount-test"
            }
          },
          "private": "eyJzY2hlbWFfdmVyc2lvbiI6IjEifQ=="
        }
      ]
    },
    {
      "module": "module.vpc",
      "mode": "managed",
      "type": "aws_vpn_gateway",
      "name": "vpn_gw",
      "provider": "provider.aws",
      "instances": [
        {
          "schema_version": 0,
          "attributes": {
            "amazon_side_asn": "64512",
            "availability_zone": null,
            "id": "vgw-0c8c658050449062c",
            "tags": {
              "Name": "VOLUME-MOUNT-TEST-VGW",
              "application": "volume-mount-test"
            },
            "vpc_id": "vpc-0fb8acfaa5f102c41"
          },
          "private": "bnVsbA==",
          "dependencies": [
            "module.vpc.aws_vpc.main"
          ]
        }
      ]
    }
  ]
}
