{
  "version": 4,
  "terraform_version": "0.12.19",
  "serial": 315,
  "lineage": "e573c8dd-be7a-3807-0fa2-32bb795c34ac",
  "outputs": {},
  "resources": [
    {
      "mode": "data",
      "type": "aws_ami",
      "name": "ubuntu_bionic",
      "provider": "provider.aws",
      "instances": [
        {
          "schema_version": 0,
          "attributes": {
            "architecture": "x86_64",
            "block_device_mappings": [
              {
                "device_name": "/dev/sda1",
                "ebs": {
                  "delete_on_termination": "true",
                  "encrypted": "false",
                  "iops": "0",
                  "snapshot_id": "snap-02d0f1e3d04fe69ea",
                  "volume_size": "8",
                  "volume_type": "gp2"
                },
                "no_device": "",
                "virtual_name": ""
              },
              {
                "device_name": "/dev/sdb",
                "ebs": {},
                "no_device": "",
                "virtual_name": "ephemeral0"
              },
              {
                "device_name": "/dev/sdc",
                "ebs": {},
                "no_device": "",
                "virtual_name": "ephemeral1"
              }
            ],
            "creation_date": "2020-03-24T20:56:43.000Z",
            "description": "Canonical, Ubuntu, 18.04 LTS, amd64 bionic image build on 2020-03-23",
            "executable_users": null,
            "filter": [
              {
                "name": "name",
                "values": [
                  "ubuntu/images/hvm-ssd/ubuntu-bionic-18.04-amd64-server-*"
                ]
              }
            ],
            "hypervisor": "xen",
            "id": "ami-0ed2df11a6d41ea78",
            "image_id": "ami-0ed2df11a6d41ea78",
            "image_location": "099720109477/ubuntu/images/hvm-ssd/ubuntu-bionic-18.04-amd64-server-20200323",
            "image_owner_alias": null,
            "image_type": "machine",
            "kernel_id": null,
            "most_recent": true,
            "name": "ubuntu/images/hvm-ssd/ubuntu-bionic-18.04-amd64-server-20200323",
            "name_regex": null,
            "owner_id": "099720109477",
            "owners": [
              "099720109477"
            ],
            "platform": null,
            "product_codes": [],
            "public": true,
            "ramdisk_id": null,
            "root_device_name": "/dev/sda1",
            "root_device_type": "ebs",
            "root_snapshot_id": "snap-02d0f1e3d04fe69ea",
            "sriov_net_support": "simple",
            "state": "available",
            "state_reason": {
              "code": "UNSET",
              "message": "UNSET"
            },
            "tags": {},
            "virtualization_type": "hvm"
          }
        }
      ]
    },
    {
      "module": "module.vpc",
      "mode": "data",
      "type": "aws_availability_zones",
      "name": "available",
      "provider": "provider.aws",
      "instances": [
        {
          "schema_version": 0,
          "attributes": {
            "all_availability_zones": null,
            "blacklisted_names": null,
            "blacklisted_zone_ids": null,
            "filter": null,
            "group_names": [
              "eu-west-2"
            ],
            "id": "2020-04-02 15:18:14.574442 +0000 UTC",
            "names": [
              "eu-west-2a",
              "eu-west-2b",
              "eu-west-2c"
            ],
            "state": null,
            "zone_ids": [
              "euw2-az2",
              "euw2-az3",
              "euw2-az1"
            ]
          }
        }
      ]
    },
    {
      "mode": "data",
      "type": "aws_availability_zones",
      "name": "opted-in",
      "provider": "provider.aws",
      "instances": [
        {
          "schema_version": 0,
          "attributes": {
            "all_availability_zones": null,
            "blacklisted_names": null,
            "blacklisted_zone_ids": null,
            "filter": [
              {
                "name": "opt-in-status",
                "values": [
                  "opt-in-not-required"
                ]
              }
            ],
            "group_names": [
              "eu-west-2"
            ],
            "id": "2020-04-02 15:18:14.575114 +0000 UTC",
            "names": [
              "eu-west-2a",
              "eu-west-2b",
              "eu-west-2c"
            ],
            "state": null,
            "zone_ids": [
              "euw2-az2",
              "euw2-az3",
              "euw2-az1"
            ]
          }
        }
      ]
    },
    {
      "mode": "data",
      "type": "template_file",
      "name": "cloud-init",
      "provider": "provider.template",
      "instances": [
        {
          "schema_version": 0,
          "attributes": {
            "filename": null,
            "id": "86297c8ed19365221e717d3e293c2dd1089faf06d4e164ad9d588be60e1515ba",
            "rendered": "#!/usr/bin/env bash\nset -ueo pipefail\necho 'Configuring prometheus EBS'\n# adapted from\n# https://medium.com/@moonape1226/mount-aws-ebs-on-ec2-automatically-with-cloud-init-e5e837e5438a\n# [Last accessed on 2020-04-02]\nvol=\"\"\nwhile [ -z \"$vol\" ] ; do\n  vol=$(lsblk | grep -e disk | awk '{sub(\"G\",\"\",$4)} {if ($4+0 == 100) print $1}')\n  echo \"waiting for ebs data volume\"\n  sleep 5\ndone\nmkdir -p /srv/prometheus\necho \"found volume /dev/$vol\"\nif [ -z \"$(lsblk | grep \"$vol\" | awk '{print $7}')\" ] ; then\n  if file -s \"/dev/$vol\" | grep -q \": data\" ; then\n    echo \"volume /dev/$vol is not formatted ; formatting\"\n    mkfs -F -t ext4   \"/dev/$vol\"\n  fi\n  echo \"volume /dev/$vol is formatted\"\n  if [ -z \"$(lsblk | grep \"$vol\" | awk '{print $7}')\" ] ; then\n    echo \"volume /dev/$vol is not mounted ; mounting\"\n    mount \"/dev/$vol\" /srv/prometheus\n  fi\n  echo \"volume /dev/$vol is mounted ; writing fstab entry\"\n  if grep -qv \"/dev/$vol\" /etc/fstab ; then\n    UUID=$(blkid /dev/$vol -s UUID -o value)\n    echo \"UUID=$UUID /srv/prometheus ext4 defaults,nofail 0 2\" \u003e\u003e /etc/fstab\n  fi\nfi\n\necho \"This 'ere string will be used to cause the instance to cycle.\"\n",
            "template": "#!/usr/bin/env bash\nset -ueo pipefail\necho 'Configuring prometheus EBS'\n# adapted from\n# https://medium.com/@moonape1226/mount-aws-ebs-on-ec2-automatically-with-cloud-init-e5e837e5438a\n# [Last accessed on 2020-04-02]\nvol=\"\"\nwhile [ -z \"$vol\" ] ; do\n  vol=$(lsblk | grep -e disk | awk '{sub(\"G\",\"\",$4)} {if ($4+0 == ${volume_size}) print $1}')\n  echo \"waiting for ebs data volume\"\n  sleep 5\ndone\nmkdir -p /srv/prometheus\necho \"found volume /dev/$vol\"\nif [ -z \"$(lsblk | grep \"$vol\" | awk '{print $7}')\" ] ; then\n  if file -s \"/dev/$vol\" | grep -q \": data\" ; then\n    echo \"volume /dev/$vol is not formatted ; formatting\"\n    mkfs -F -t ext4   \"/dev/$vol\"\n  fi\n  echo \"volume /dev/$vol is formatted\"\n  if [ -z \"$(lsblk | grep \"$vol\" | awk '{print $7}')\" ] ; then\n    echo \"volume /dev/$vol is not mounted ; mounting\"\n    mount \"/dev/$vol\" /srv/prometheus\n  fi\n  echo \"volume /dev/$vol is mounted ; writing fstab entry\"\n  if grep -qv \"/dev/$vol\" /etc/fstab ; then\n    UUID=$(blkid /dev/$vol -s UUID -o value)\n    echo \"UUID=$UUID /srv/prometheus ext4 defaults,nofail 0 2\" \u003e\u003e /etc/fstab\n  fi\nfi\n\necho \"This 'ere string will be used to cause the instance to cycle.\"\n",
            "vars": {
              "volume_size": "100"
            }
          }
        }
      ]
    },
    {
      "mode": "managed",
      "type": "aws_ebs_volume",
      "name": "volume-mount-test",
      "each": "list",
      "provider": "provider.aws",
      "instances": [
        {
          "index_key": 0,
          "schema_version": 0,
          "attributes": {
            "arn": "arn:aws:ec2:eu-west-2:626298535712:volume/vol-089aefb08a458bdb9",
            "availability_zone": "eu-west-2a",
            "encrypted": true,
            "id": "vol-089aefb08a458bdb9",
            "iops": 300,
            "kms_key_id": "arn:aws:kms:eu-west-2:626298535712:key/b43d4791-d8ac-48a1-9627-8f8f9efc6e81",
            "size": 100,
            "snapshot_id": "",
            "tags": null,
            "type": "gp2"
          },
          "private": "bnVsbA=="
        },
        {
          "index_key": 1,
          "schema_version": 0,
          "attributes": {
            "arn": "arn:aws:ec2:eu-west-2:626298535712:volume/vol-0059a6449e160d474",
            "availability_zone": "eu-west-2b",
            "encrypted": true,
            "id": "vol-0059a6449e160d474",
            "iops": 300,
            "kms_key_id": "arn:aws:kms:eu-west-2:626298535712:key/b43d4791-d8ac-48a1-9627-8f8f9efc6e81",
            "size": 100,
            "snapshot_id": "",
            "tags": null,
            "type": "gp2"
          },
          "private": "bnVsbA=="
        },
        {
          "index_key": 2,
          "schema_version": 0,
          "attributes": {
            "arn": "arn:aws:ec2:eu-west-2:626298535712:volume/vol-0aa722ff9203b7217",
            "availability_zone": "eu-west-2c",
            "encrypted": true,
            "id": "vol-0aa722ff9203b7217",
            "iops": 300,
            "kms_key_id": "arn:aws:kms:eu-west-2:626298535712:key/b43d4791-d8ac-48a1-9627-8f8f9efc6e81",
            "size": 100,
            "snapshot_id": "",
            "tags": null,
            "type": "gp2"
          },
          "private": "bnVsbA=="
        }
      ]
    },
    {
      "module": "module.vpc",
      "mode": "managed",
      "type": "aws_eip",
      "name": "nateip",
      "each": "list",
      "provider": "provider.aws",
      "instances": [
        {
          "index_key": 0,
          "schema_version": 0,
          "attributes": {
            "allocation_id": null,
            "associate_with_private_ip": null,
            "association_id": "",
            "domain": "vpc",
            "id": "eipalloc-0008763dd1aeda57a",
            "instance": "",
            "network_interface": "",
            "private_dns": null,
            "private_ip": "",
            "public_dns": "ec2-3-9-195-147.eu-west-2.compute.amazonaws.com",
            "public_ip": "3.9.195.147",
            "public_ipv4_pool": "amazon",
            "tags": {
              "application": "volume-mount-test"
            },
            "timeouts": null,
            "vpc": true
          },
          "private": "eyJlMmJmYjczMC1lY2FhLTExZTYtOGY4OC0zNDM2M2JjN2M0YzAiOnsiZGVsZXRlIjoxODAwMDAwMDAwMDAsInJlYWQiOjkwMDAwMDAwMDAwMCwidXBkYXRlIjozMDAwMDAwMDAwMDB9fQ=="
        },
        {
          "index_key": 1,
          "schema_version": 0,
          "attributes": {
            "allocation_id": null,
            "associate_with_private_ip": null,
            "association_id": "",
            "domain": "vpc",
            "id": "eipalloc-0a931bc4326e2aec3",
            "instance": "",
            "network_interface": "",
            "private_dns": null,
            "private_ip": "",
            "public_dns": "ec2-18-132-53-114.eu-west-2.compute.amazonaws.com",
            "public_ip": "18.132.53.114",
            "public_ipv4_pool": "amazon",
            "tags": {
              "application": "volume-mount-test"
            },
            "timeouts": null,
            "vpc": true
          },
          "private": "eyJlMmJmYjczMC1lY2FhLTExZTYtOGY4OC0zNDM2M2JjN2M0YzAiOnsiZGVsZXRlIjoxODAwMDAwMDAwMDAsInJlYWQiOjkwMDAwMDAwMDAwMCwidXBkYXRlIjozMDAwMDAwMDAwMDB9fQ=="
        },
        {
          "index_key": 2,
          "schema_version": 0,
          "attributes": {
            "allocation_id": null,
            "associate_with_private_ip": null,
            "association_id": "",
            "domain": "vpc",
            "id": "eipalloc-01965dbe7c44cd3f7",
            "instance": "",
            "network_interface": "",
            "private_dns": null,
            "private_ip": "",
            "public_dns": "ec2-18-130-171-157.eu-west-2.compute.amazonaws.com",
            "public_ip": "18.130.171.157",
            "public_ipv4_pool": "amazon",
            "tags": {
              "application": "volume-mount-test"
            },
            "timeouts": null,
            "vpc": true
          },
          "private": "eyJlMmJmYjczMC1lY2FhLTExZTYtOGY4OC0zNDM2M2JjN2M0YzAiOnsiZGVsZXRlIjoxODAwMDAwMDAwMDAsInJlYWQiOjkwMDAwMDAwMDAwMCwidXBkYXRlIjozMDAwMDAwMDAwMDB9fQ=="
        }
      ]
    },
    {
      "mode": "managed",
      "type": "aws_iam_instance_profile",
      "name": "volume-mount-test",
      "provider": "provider.aws",
      "instances": [
        {
          "schema_version": 0,
          "attributes": {
            "arn": "arn:aws:iam::626298535712:instance-profile/volume-mount-test",
            "create_date": "2020-04-02T15:18:29Z",
            "id": "volume-mount-test",
            "name": "volume-mount-test",
            "name_prefix": null,
            "path": "/",
            "role": "volume-mount-test",
            "roles": [],
            "unique_id": "AIPAZDUSNH4QGFJXXXL2H"
          },
          "private": "bnVsbA==",
          "dependencies": [
            "aws_iam_role.volume-mount-test"
          ]
        }
      ]
    },
    {
      "mode": "managed",
      "type": "aws_iam_role",
      "name": "volume-mount-test",
      "provider": "provider.aws",
      "instances": [
        {
          "schema_version": 0,
          "attributes": {
            "arn": "arn:aws:iam::626298535712:role/volume-mount-test",
            "assume_role_policy": "{\"Version\":\"2012-10-17\",\"Statement\":[{\"Sid\":\"\",\"Effect\":\"Allow\",\"Principal\":{\"Service\":\"ec2.amazonaws.com\"},\"Action\":\"sts:AssumeRole\"}]}",
            "create_date": "2020-04-02T15:18:28Z",
            "description": "",
            "force_detach_policies": false,
            "id": "volume-mount-test",
            "max_session_duration": 3600,
            "name": "volume-mount-test",
            "name_prefix": null,
            "path": "/",
            "permissions_boundary": null,
            "tags": null,
            "unique_id": "AROAZDUSNH4QJFGBA7L5W"
          },
          "private": "bnVsbA=="
        }
      ]
    },
    {
      "mode": "managed",
      "type": "aws_iam_role_policy_attachment",
      "name": "volume-mount-test",
      "provider": "provider.aws",
      "instances": [
        {
          "schema_version": 0,
          "attributes": {
            "id": "volume-mount-test-20200402151830013700000001",
            "policy_arn": "arn:aws:iam::aws:policy/AmazonSSMManagedInstanceCore",
            "role": "volume-mount-test"
          },
          "private": "bnVsbA==",
          "dependencies": [
            "aws_iam_role.volume-mount-test"
          ]
        }
      ]
    },
    {
      "mode": "managed",
      "type": "aws_instance",
      "name": "volume-mount-test",
      "each": "list",
      "provider": "provider.aws",
      "instances": [
        {
          "index_key": 0,
          "schema_version": 1,
          "attributes": {
            "ami": "ami-0ed2df11a6d41ea78",
            "arn": "arn:aws:ec2:eu-west-2:626298535712:instance/i-0c683a68c7fea0d12",
            "associate_public_ip_address": false,
            "availability_zone": "eu-west-2a",
            "cpu_core_count": 1,
            "cpu_threads_per_core": 2,
            "credit_specification": [
              {
                "cpu_credits": "unlimited"
              }
            ],
            "disable_api_termination": false,
            "ebs_block_device": [],
            "ebs_optimized": false,
            "ephemeral_block_device": [],
            "get_password_data": false,
            "hibernation": false,
            "host_id": null,
            "iam_instance_profile": "volume-mount-test",
            "id": "i-0c683a68c7fea0d12",
            "instance_initiated_shutdown_behavior": null,
            "instance_state": "running",
            "instance_type": "t3.micro",
            "ipv6_address_count": 0,
            "ipv6_addresses": [],
            "key_name": "",
            "metadata_options": [
              {
                "http_endpoint": "enabled",
                "http_put_response_hop_limit": 1,
                "http_tokens": "optional"
              }
            ],
            "monitoring": false,
            "network_interface": [],
            "network_interface_id": null,
            "password_data": "",
            "placement_group": "",
            "primary_network_interface_id": "eni-0271c98f33c5b6a94",
            "private_dns": "ip-10-0-3-208.eu-west-2.compute.internal",
            "private_ip": "10.0.3.208",
            "public_dns": "",
            "public_ip": "",
            "root_block_device": [
              {
                "delete_on_termination": true,
                "encrypted": false,
                "iops": 100,
                "kms_key_id": "",
                "volume_id": "vol-063d65ada32bdaeac",
                "volume_size": 20,
                "volume_type": "gp2"
              }
            ],
            "security_groups": [],
            "source_dest_check": true,
            "subnet_id": "subnet-02438ecf3e2bbc876",
            "tags": {
              "Name": "volume-mount-test-0"
            },
            "tenancy": "default",
            "timeouts": null,
            "user_data": "5f35251668ec9382100cd7863afe8358f8e9166c",
            "user_data_base64": null,
            "volume_tags": {},
            "vpc_security_group_ids": [
              "sg-02ff4a3b1b2c5f852"
            ]
          },
          "private": "eyJlMmJmYjczMC1lY2FhLTExZTYtOGY4OC0zNDM2M2JjN2M0YzAiOnsiY3JlYXRlIjo2MDAwMDAwMDAwMDAsImRlbGV0ZSI6MTIwMDAwMDAwMDAwMCwidXBkYXRlIjo2MDAwMDAwMDAwMDB9LCJzY2hlbWFfdmVyc2lvbiI6IjEifQ==",
          "dependencies": [
            "aws_iam_instance_profile.volume-mount-test",
            "aws_iam_role.volume-mount-test",
            "module.vpc.aws_subnet.private",
            "module.vpc.aws_vpc.main"
          ]
        },
        {
          "index_key": 1,
          "schema_version": 1,
          "attributes": {
            "ami": "ami-0ed2df11a6d41ea78",
            "arn": "arn:aws:ec2:eu-west-2:626298535712:instance/i-0731af7c8e012a1b0",
            "associate_public_ip_address": false,
            "availability_zone": "eu-west-2b",
            "cpu_core_count": 1,
            "cpu_threads_per_core": 2,
            "credit_specification": [
              {
                "cpu_credits": "unlimited"
              }
            ],
            "disable_api_termination": false,
            "ebs_block_device": [],
            "ebs_optimized": false,
            "ephemeral_block_device": [],
            "get_password_data": false,
            "hibernation": false,
            "host_id": null,
            "iam_instance_profile": "volume-mount-test",
            "id": "i-0731af7c8e012a1b0",
            "instance_initiated_shutdown_behavior": null,
            "instance_state": "running",
            "instance_type": "t3.micro",
            "ipv6_address_count": 0,
            "ipv6_addresses": [],
            "key_name": "",
            "metadata_options": [
              {
                "http_endpoint": "enabled",
                "http_put_response_hop_limit": 1,
                "http_tokens": "optional"
              }
            ],
            "monitoring": false,
            "network_interface": [],
            "network_interface_id": null,
            "password_data": "",
            "placement_group": "",
            "primary_network_interface_id": "eni-0bba13e7b2270d78d",
            "private_dns": "ip-10-0-4-68.eu-west-2.compute.internal",
            "private_ip": "10.0.4.68",
            "public_dns": "",
            "public_ip": "",
            "root_block_device": [
              {
                "delete_on_termination": true,
                "encrypted": false,
                "iops": 100,
                "kms_key_id": "",
                "volume_id": "vol-0aca2effd11c30b3a",
                "volume_size": 20,
                "volume_type": "gp2"
              }
            ],
            "security_groups": [],
            "source_dest_check": true,
            "subnet_id": "subnet-075401be8159a0bf8",
            "tags": {
              "Name": "volume-mount-test-1"
            },
            "tenancy": "default",
            "timeouts": null,
            "user_data": "5f35251668ec9382100cd7863afe8358f8e9166c",
            "user_data_base64": null,
            "volume_tags": {},
            "vpc_security_group_ids": [
              "sg-02ff4a3b1b2c5f852"
            ]
          },
          "private": "eyJlMmJmYjczMC1lY2FhLTExZTYtOGY4OC0zNDM2M2JjN2M0YzAiOnsiY3JlYXRlIjo2MDAwMDAwMDAwMDAsImRlbGV0ZSI6MTIwMDAwMDAwMDAwMCwidXBkYXRlIjo2MDAwMDAwMDAwMDB9LCJzY2hlbWFfdmVyc2lvbiI6IjEifQ==",
          "dependencies": [
            "aws_iam_instance_profile.volume-mount-test",
            "aws_iam_role.volume-mount-test",
            "module.vpc.aws_subnet.private",
            "module.vpc.aws_vpc.main"
          ]
        },
        {
          "index_key": 2,
          "schema_version": 1,
          "attributes": {
            "ami": "ami-0ed2df11a6d41ea78",
            "arn": "arn:aws:ec2:eu-west-2:626298535712:instance/i-028910dfd80bd23e0",
            "associate_public_ip_address": false,
            "availability_zone": "eu-west-2c",
            "cpu_core_count": 1,
            "cpu_threads_per_core": 2,
            "credit_specification": [
              {
                "cpu_credits": "unlimited"
              }
            ],
            "disable_api_termination": false,
            "ebs_block_device": [],
            "ebs_optimized": false,
            "ephemeral_block_device": [],
            "get_password_data": false,
            "hibernation": false,
            "host_id": null,
            "iam_instance_profile": "volume-mount-test",
            "id": "i-028910dfd80bd23e0",
            "instance_initiated_shutdown_behavior": null,
            "instance_state": "running",
            "instance_type": "t3.micro",
            "ipv6_address_count": 0,
            "ipv6_addresses": [],
            "key_name": "",
            "metadata_options": [
              {
                "http_endpoint": "enabled",
                "http_put_response_hop_limit": 1,
                "http_tokens": "optional"
              }
            ],
            "monitoring": false,
            "network_interface": [],
            "network_interface_id": null,
            "password_data": "",
            "placement_group": "",
            "primary_network_interface_id": "eni-0a95b546fbc7a33b4",
            "private_dns": "ip-10-0-5-202.eu-west-2.compute.internal",
            "private_ip": "10.0.5.202",
            "public_dns": "",
            "public_ip": "",
            "root_block_device": [
              {
                "delete_on_termination": true,
                "encrypted": false,
                "iops": 100,
                "kms_key_id": "",
                "volume_id": "vol-0524db2833c6501f4",
                "volume_size": 20,
                "volume_type": "gp2"
              }
            ],
            "security_groups": [],
            "source_dest_check": true,
            "subnet_id": "subnet-0884be848ce20a2af",
            "tags": {
              "Name": "volume-mount-test-2"
            },
            "tenancy": "default",
            "timeouts": null,
            "user_data": "5f35251668ec9382100cd7863afe8358f8e9166c",
            "user_data_base64": null,
            "volume_tags": {},
            "vpc_security_group_ids": [
              "sg-02ff4a3b1b2c5f852"
            ]
          },
          "private": "eyJlMmJmYjczMC1lY2FhLTExZTYtOGY4OC0zNDM2M2JjN2M0YzAiOnsiY3JlYXRlIjo2MDAwMDAwMDAwMDAsImRlbGV0ZSI6MTIwMDAwMDAwMDAwMCwidXBkYXRlIjo2MDAwMDAwMDAwMDB9LCJzY2hlbWFfdmVyc2lvbiI6IjEifQ==",
          "dependencies": [
            "aws_iam_instance_profile.volume-mount-test",
            "aws_iam_role.volume-mount-test",
            "module.vpc.aws_subnet.private",
            "module.vpc.aws_vpc.main"
          ]
        }
      ]
    },
    {
      "module": "module.vpc",
      "mode": "managed",
      "type": "aws_internet_gateway",
      "name": "gw",
      "provider": "provider.aws",
      "instances": [
        {
          "schema_version": 0,
          "attributes": {
            "id": "igw-0c7a0ed03a293867c",
            "owner_id": "626298535712",
            "tags": {
              "Name": "VOLUME-MOUNT-TEST-IGW",
              "application": "volume-mount-test"
            },
            "vpc_id": "vpc-0a3aa5da552461ea0"
          },
          "private": "bnVsbA==",
          "dependencies": [
            "module.vpc.aws_vpc.main"
          ]
        }
      ]
    },
    {
      "module": "module.vpc",
      "mode": "managed",
      "type": "aws_nat_gateway",
      "name": "natgateway",
      "each": "list",
      "provider": "provider.aws",
      "instances": [
        {
          "index_key": 0,
          "schema_version": 0,
          "attributes": {
            "allocation_id": "eipalloc-0008763dd1aeda57a",
            "id": "nat-05897670f779dbdbc",
            "network_interface_id": "eni-04a101457b5927965",
            "private_ip": "10.0.0.100",
            "public_ip": "3.9.195.147",
            "subnet_id": "subnet-04a680c490cdb57e1",
            "tags": {
              "Name": "VOLUME-MOUNT-TEST-AZ1",
              "application": "volume-mount-test"
            }
          },
          "private": "bnVsbA==",
          "dependencies": [
            "module.vpc.aws_eip.nateip",
            "module.vpc.aws_internet_gateway.gw",
            "module.vpc.aws_subnet.public",
            "module.vpc.aws_vpc.main"
          ]
        },
        {
          "index_key": 1,
          "schema_version": 0,
          "attributes": {
            "allocation_id": "eipalloc-0a931bc4326e2aec3",
            "id": "nat-0d3bb461ea31c6c2a",
            "network_interface_id": "eni-088d5c30aa4e8e992",
            "private_ip": "10.0.1.122",
            "public_ip": "18.132.53.114",
            "subnet_id": "subnet-088b9e7779aac8197",
            "tags": {
              "Name": "VOLUME-MOUNT-TEST-AZ2",
              "application": "volume-mount-test"
            }
          },
          "private": "bnVsbA==",
          "dependencies": [
            "module.vpc.aws_eip.nateip",
            "module.vpc.aws_internet_gateway.gw",
            "module.vpc.aws_subnet.public",
            "module.vpc.aws_vpc.main"
          ]
        },
        {
          "index_key": 2,
          "schema_version": 0,
          "attributes": {
            "allocation_id": "eipalloc-01965dbe7c44cd3f7",
            "id": "nat-03c9356fb2b2f88e1",
            "network_interface_id": "eni-0aa0d6235cc1d0a2f",
            "private_ip": "10.0.2.200",
            "public_ip": "18.130.171.157",
            "subnet_id": "subnet-050f3c9c1d0852879",
            "tags": {
              "Name": "VOLUME-MOUNT-TEST-AZ3",
              "application": "volume-mount-test"
            }
          },
          "private": "bnVsbA==",
          "dependencies": [
            "module.vpc.aws_eip.nateip",
            "module.vpc.aws_internet_gateway.gw",
            "module.vpc.aws_subnet.public",
            "module.vpc.aws_vpc.main"
          ]
        }
      ]
    },
    {
      "module": "module.vpc",
      "mode": "managed",
      "type": "aws_network_acl",
      "name": "networkaclprivatea",
      "provider": "provider.aws",
      "instances": [
        {
          "schema_version": 0,
          "attributes": {
            "egress": [
              {
                "action": "allow",
                "cidr_block": "0.0.0.0/0",
                "from_port": 0,
                "icmp_code": null,
                "icmp_type": null,
                "ipv6_cidr_block": "",
                "protocol": "all",
                "rule_no": 100,
                "to_port": 0
              }
            ],
            "id": "acl-0125f06ba7aa95930",
            "ingress": [
              {
                "action": "allow",
                "cidr_block": "0.0.0.0/0",
                "from_port": 0,
                "icmp_code": null,
                "icmp_type": null,
                "ipv6_cidr_block": "",
                "protocol": "all",
                "rule_no": 100,
                "to_port": 0
              }
            ],
            "owner_id": "626298535712",
            "subnet_id": null,
            "subnet_ids": [
              "subnet-02438ecf3e2bbc876"
            ],
            "tags": {
              "Name": "volume-mount-test-NetworkAcl-Private-subnet-02438ecf3e2bbc876",
              "application": "volume-mount-test"
            },
            "vpc_id": "vpc-0a3aa5da552461ea0"
          },
          "private": "bnVsbA==",
          "dependencies": [
            "module.vpc.aws_subnet.private",
            "module.vpc.aws_vpc.main"
          ]
        }
      ]
    },
    {
      "module": "module.vpc",
      "mode": "managed",
      "type": "aws_network_acl",
      "name": "networkaclprivateb",
      "provider": "provider.aws",
      "instances": [
        {
          "schema_version": 0,
          "attributes": {
            "egress": [
              {
                "action": "allow",
                "cidr_block": "0.0.0.0/0",
                "from_port": 0,
                "icmp_code": null,
                "icmp_type": null,
                "ipv6_cidr_block": "",
                "protocol": "all",
                "rule_no": 100,
                "to_port": 0
              }
            ],
            "id": "acl-06339f5bcd75dfb88",
            "ingress": [
              {
                "action": "allow",
                "cidr_block": "0.0.0.0/0",
                "from_port": 0,
                "icmp_code": null,
                "icmp_type": null,
                "ipv6_cidr_block": "",
                "protocol": "all",
                "rule_no": 100,
                "to_port": 0
              }
            ],
            "owner_id": "626298535712",
            "subnet_id": null,
            "subnet_ids": [
              "subnet-075401be8159a0bf8"
            ],
            "tags": {
              "Name": "volume-mount-test-NetworkAcl-Private-subnet-075401be8159a0bf8",
              "application": "volume-mount-test"
            },
            "vpc_id": "vpc-0a3aa5da552461ea0"
          },
          "private": "bnVsbA==",
          "dependencies": [
            "module.vpc.aws_subnet.private",
            "module.vpc.aws_vpc.main"
          ]
        }
      ]
    },
    {
      "module": "module.vpc",
      "mode": "managed",
      "type": "aws_network_acl",
      "name": "networkaclprivatec",
      "provider": "provider.aws",
      "instances": [
        {
          "schema_version": 0,
          "attributes": {
            "egress": [
              {
                "action": "allow",
                "cidr_block": "0.0.0.0/0",
                "from_port": 0,
                "icmp_code": null,
                "icmp_type": null,
                "ipv6_cidr_block": "",
                "protocol": "all",
                "rule_no": 100,
                "to_port": 0
              }
            ],
            "id": "acl-01fda6ac312285655",
            "ingress": [
              {
                "action": "allow",
                "cidr_block": "0.0.0.0/0",
                "from_port": 0,
                "icmp_code": null,
                "icmp_type": null,
                "ipv6_cidr_block": "",
                "protocol": "all",
                "rule_no": 100,
                "to_port": 0
              }
            ],
            "owner_id": "626298535712",
            "subnet_id": null,
            "subnet_ids": [
              "subnet-0884be848ce20a2af"
            ],
            "tags": {
              "Name": "volume-mount-test-NetworkAcl-Private-subnet-0884be848ce20a2af",
              "application": "volume-mount-test"
            },
            "vpc_id": "vpc-0a3aa5da552461ea0"
          },
          "private": "bnVsbA==",
          "dependencies": [
            "module.vpc.aws_subnet.private",
            "module.vpc.aws_vpc.main"
          ]
        }
      ]
    },
    {
      "module": "module.vpc",
      "mode": "managed",
      "type": "aws_network_acl",
      "name": "networkaclpublic",
      "provider": "provider.aws",
      "instances": [
        {
          "schema_version": 0,
          "attributes": {
            "egress": [
              {
                "action": "allow",
                "cidr_block": "0.0.0.0/0",
                "from_port": 0,
                "icmp_code": null,
                "icmp_type": null,
                "ipv6_cidr_block": "",
                "protocol": "all",
                "rule_no": 100,
                "to_port": 0
              }
            ],
            "id": "acl-06930ee393e2a2b23",
            "ingress": [
              {
                "action": "allow",
                "cidr_block": "0.0.0.0/0",
                "from_port": 0,
                "icmp_code": null,
                "icmp_type": null,
                "ipv6_cidr_block": "",
                "protocol": "all",
                "rule_no": 100,
                "to_port": 0
              }
            ],
            "owner_id": "626298535712",
            "subnet_id": null,
            "subnet_ids": [
              "subnet-04a680c490cdb57e1",
              "subnet-050f3c9c1d0852879",
              "subnet-088b9e7779aac8197"
            ],
            "tags": {
              "Name": "volume-mount-test-NetworkAcl-Public",
              "application": "volume-mount-test"
            },
            "vpc_id": "vpc-0a3aa5da552461ea0"
          },
          "private": "bnVsbA==",
          "dependencies": [
            "module.vpc.aws_subnet.public",
            "module.vpc.aws_vpc.main"
          ]
        }
      ]
    },
    {
      "module": "module.vpc",
      "mode": "managed",
      "type": "aws_route",
      "name": "privatea",
      "provider": "provider.aws",
      "instances": [
        {
          "schema_version": 0,
          "attributes": {
            "destination_cidr_block": "0.0.0.0/0",
            "destination_ipv6_cidr_block": null,
            "destination_prefix_list_id": "",
            "egress_only_gateway_id": "",
            "gateway_id": "",
            "id": "r-rtb-07ebb713200f6a0f31080289494",
            "instance_id": "",
            "instance_owner_id": "",
            "nat_gateway_id": "nat-05897670f779dbdbc",
            "network_interface_id": "",
            "origin": "CreateRoute",
            "route_table_id": "rtb-07ebb713200f6a0f3",
            "state": "active",
            "timeouts": null,
            "transit_gateway_id": "",
            "vpc_peering_connection_id": ""
          },
          "private": "eyJlMmJmYjczMC1lY2FhLTExZTYtOGY4OC0zNDM2M2JjN2M0YzAiOnsiY3JlYXRlIjoxMjAwMDAwMDAwMDAsImRlbGV0ZSI6MzAwMDAwMDAwMDAwfX0=",
          "dependencies": [
            "module.vpc.aws_eip.nateip",
            "module.vpc.aws_internet_gateway.gw",
            "module.vpc.aws_nat_gateway.natgateway",
            "module.vpc.aws_route_table.privatea",
            "module.vpc.aws_subnet.private",
            "module.vpc.aws_subnet.public",
            "module.vpc.aws_vpc.main",
            "module.vpc.aws_vpn_gateway.vpn_gw"
          ]
        }
      ]
    },
    {
      "module": "module.vpc",
      "mode": "managed",
      "type": "aws_route",
      "name": "privateb",
      "provider": "provider.aws",
      "instances": [
        {
          "schema_version": 0,
          "attributes": {
            "destination_cidr_block": "0.0.0.0/0",
            "destination_ipv6_cidr_block": null,
            "destination_prefix_list_id": "",
            "egress_only_gateway_id": "",
            "gateway_id": "",
            "id": "r-rtb-0cb5641503b91f9d51080289494",
            "instance_id": "",
            "instance_owner_id": "",
            "nat_gateway_id": "nat-0d3bb461ea31c6c2a",
            "network_interface_id": "",
            "origin": "CreateRoute",
            "route_table_id": "rtb-0cb5641503b91f9d5",
            "state": "active",
            "timeouts": null,
            "transit_gateway_id": "",
            "vpc_peering_connection_id": ""
          },
          "private": "eyJlMmJmYjczMC1lY2FhLTExZTYtOGY4OC0zNDM2M2JjN2M0YzAiOnsiY3JlYXRlIjoxMjAwMDAwMDAwMDAsImRlbGV0ZSI6MzAwMDAwMDAwMDAwfX0=",
          "dependencies": [
            "module.vpc.aws_eip.nateip",
            "module.vpc.aws_internet_gateway.gw",
            "module.vpc.aws_nat_gateway.natgateway",
            "module.vpc.aws_route_table.privateb",
            "module.vpc.aws_subnet.private",
            "module.vpc.aws_subnet.public",
            "module.vpc.aws_vpc.main",
            "module.vpc.aws_vpn_gateway.vpn_gw"
          ]
        }
      ]
    },
    {
      "module": "module.vpc",
      "mode": "managed",
      "type": "aws_route",
      "name": "privatec",
      "provider": "provider.aws",
      "instances": [
        {
          "schema_version": 0,
          "attributes": {
            "destination_cidr_block": "0.0.0.0/0",
            "destination_ipv6_cidr_block": null,
            "destination_prefix_list_id": "",
            "egress_only_gateway_id": "",
            "gateway_id": "",
            "id": "r-rtb-0112639e298a6277d1080289494",
            "instance_id": "",
            "instance_owner_id": "",
            "nat_gateway_id": "nat-03c9356fb2b2f88e1",
            "network_interface_id": "",
            "origin": "CreateRoute",
            "route_table_id": "rtb-0112639e298a6277d",
            "state": "active",
            "timeouts": null,
            "transit_gateway_id": "",
            "vpc_peering_connection_id": ""
          },
          "private": "eyJlMmJmYjczMC1lY2FhLTExZTYtOGY4OC0zNDM2M2JjN2M0YzAiOnsiY3JlYXRlIjoxMjAwMDAwMDAwMDAsImRlbGV0ZSI6MzAwMDAwMDAwMDAwfX0=",
          "dependencies": [
            "module.vpc.aws_eip.nateip",
            "module.vpc.aws_internet_gateway.gw",
            "module.vpc.aws_nat_gateway.natgateway",
            "module.vpc.aws_route_table.privatec",
            "module.vpc.aws_subnet.private",
            "module.vpc.aws_subnet.public",
            "module.vpc.aws_vpc.main",
            "module.vpc.aws_vpn_gateway.vpn_gw"
          ]
        }
      ]
    },
    {
      "module": "module.vpc",
      "mode": "managed",
      "type": "aws_route",
      "name": "public",
      "provider": "provider.aws",
      "instances": [
        {
          "schema_version": 0,
          "attributes": {
            "destination_cidr_block": "0.0.0.0/0",
            "destination_ipv6_cidr_block": null,
            "destination_prefix_list_id": "",
            "egress_only_gateway_id": "",
            "gateway_id": "igw-0c7a0ed03a293867c",
            "id": "r-rtb-0242278e4e26f4e491080289494",
            "instance_id": "",
            "instance_owner_id": "",
            "nat_gateway_id": "",
            "network_interface_id": "",
            "origin": "CreateRoute",
            "route_table_id": "rtb-0242278e4e26f4e49",
            "state": "active",
            "timeouts": null,
            "transit_gateway_id": "",
            "vpc_peering_connection_id": ""
          },
          "private": "eyJlMmJmYjczMC1lY2FhLTExZTYtOGY4OC0zNDM2M2JjN2M0YzAiOnsiY3JlYXRlIjoxMjAwMDAwMDAwMDAsImRlbGV0ZSI6MzAwMDAwMDAwMDAwfX0=",
          "dependencies": [
            "module.vpc.aws_internet_gateway.gw",
            "module.vpc.aws_route_table.public",
            "module.vpc.aws_vpc.main"
          ]
        }
      ]
    },
    {
      "module": "module.vpc",
      "mode": "managed",
      "type": "aws_route_table",
      "name": "privatea",
      "provider": "provider.aws",
      "instances": [
        {
          "schema_version": 0,
          "attributes": {
            "id": "rtb-07ebb713200f6a0f3",
            "owner_id": "626298535712",
            "propagating_vgws": [
              "vgw-086699eaa3d3bc8f1"
            ],
            "route": [],
            "tags": {
              "Name": "volume-mount-test-Private-subnet-02438ecf3e2bbc876",
              "application": "volume-mount-test"
            },
            "vpc_id": "vpc-0a3aa5da552461ea0"
          },
          "private": "bnVsbA==",
          "dependencies": [
            "module.vpc.aws_subnet.private",
            "module.vpc.aws_vpc.main",
            "module.vpc.aws_vpn_gateway.vpn_gw"
          ]
        }
      ]
    },
    {
      "module": "module.vpc",
      "mode": "managed",
      "type": "aws_route_table",
      "name": "privateb",
      "provider": "provider.aws",
      "instances": [
        {
          "schema_version": 0,
          "attributes": {
            "id": "rtb-0cb5641503b91f9d5",
            "owner_id": "626298535712",
            "propagating_vgws": [
              "vgw-086699eaa3d3bc8f1"
            ],
            "route": [],
            "tags": {
              "Name": "volume-mount-test-Private-subnet-075401be8159a0bf8",
              "application": "volume-mount-test"
            },
            "vpc_id": "vpc-0a3aa5da552461ea0"
          },
          "private": "bnVsbA==",
          "dependencies": [
            "module.vpc.aws_subnet.private",
            "module.vpc.aws_vpc.main",
            "module.vpc.aws_vpn_gateway.vpn_gw"
          ]
        }
      ]
    },
    {
      "module": "module.vpc",
      "mode": "managed",
      "type": "aws_route_table",
      "name": "privatec",
      "provider": "provider.aws",
      "instances": [
        {
          "schema_version": 0,
          "attributes": {
            "id": "rtb-0112639e298a6277d",
            "owner_id": "626298535712",
            "propagating_vgws": [
              "vgw-086699eaa3d3bc8f1"
            ],
            "route": [],
            "tags": {
              "Name": "volume-mount-test-Private-subnet-0884be848ce20a2af",
              "application": "volume-mount-test"
            },
            "vpc_id": "vpc-0a3aa5da552461ea0"
          },
          "private": "bnVsbA==",
          "dependencies": [
            "module.vpc.aws_subnet.private",
            "module.vpc.aws_vpc.main",
            "module.vpc.aws_vpn_gateway.vpn_gw"
          ]
        }
      ]
    },
    {
      "module": "module.vpc",
      "mode": "managed",
      "type": "aws_route_table",
      "name": "public",
      "provider": "provider.aws",
      "instances": [
        {
          "schema_version": 0,
          "attributes": {
            "id": "rtb-0242278e4e26f4e49",
            "owner_id": "626298535712",
            "propagating_vgws": [],
            "route": [],
            "tags": {
              "Name": "VOLUME-MOUNT-TEST-Public",
              "application": "volume-mount-test"
            },
            "vpc_id": "vpc-0a3aa5da552461ea0"
          },
          "private": "bnVsbA==",
          "dependencies": [
            "module.vpc.aws_vpc.main"
          ]
        }
      ]
    },
    {
      "module": "module.vpc",
      "mode": "managed",
      "type": "aws_route_table_association",
      "name": "privatea",
      "provider": "provider.aws",
      "instances": [
        {
          "schema_version": 0,
          "attributes": {
            "gateway_id": null,
            "id": "rtbassoc-09d3add5b48c957fa",
            "route_table_id": "rtb-07ebb713200f6a0f3",
            "subnet_id": "subnet-02438ecf3e2bbc876"
          },
          "private": "bnVsbA==",
          "dependencies": [
            "module.vpc.aws_route_table.privatea",
            "module.vpc.aws_subnet.private",
            "module.vpc.aws_vpc.main",
            "module.vpc.aws_vpn_gateway.vpn_gw"
          ]
        }
      ]
    },
    {
      "module": "module.vpc",
      "mode": "managed",
      "type": "aws_route_table_association",
      "name": "privateb",
      "provider": "provider.aws",
      "instances": [
        {
          "schema_version": 0,
          "attributes": {
            "gateway_id": null,
            "id": "rtbassoc-0882026d1c76b0bdb",
            "route_table_id": "rtb-0cb5641503b91f9d5",
            "subnet_id": "subnet-075401be8159a0bf8"
          },
          "private": "bnVsbA==",
          "dependencies": [
            "module.vpc.aws_route_table.privateb",
            "module.vpc.aws_subnet.private",
            "module.vpc.aws_vpc.main",
            "module.vpc.aws_vpn_gateway.vpn_gw"
          ]
        }
      ]
    },
    {
      "module": "module.vpc",
      "mode": "managed",
      "type": "aws_route_table_association",
      "name": "privatec",
      "provider": "provider.aws",
      "instances": [
        {
          "schema_version": 0,
          "attributes": {
            "gateway_id": null,
            "id": "rtbassoc-04dbd2123f755d6c8",
            "route_table_id": "rtb-0112639e298a6277d",
            "subnet_id": "subnet-0884be848ce20a2af"
          },
          "private": "bnVsbA==",
          "dependencies": [
            "module.vpc.aws_route_table.privatec",
            "module.vpc.aws_subnet.private",
            "module.vpc.aws_vpc.main",
            "module.vpc.aws_vpn_gateway.vpn_gw"
          ]
        }
      ]
    },
    {
      "module": "module.vpc",
      "mode": "managed",
      "type": "aws_route_table_association",
      "name": "public",
      "provider": "provider.aws",
      "instances": [
        {
          "schema_version": 0,
          "attributes": {
            "gateway_id": null,
            "id": "rtbassoc-09beaa93a9766b26d",
            "route_table_id": "rtb-0242278e4e26f4e49",
            "subnet_id": "subnet-04a680c490cdb57e1"
          },
          "private": "bnVsbA==",
          "dependencies": [
            "module.vpc.aws_route_table.public",
            "module.vpc.aws_subnet.public",
            "module.vpc.aws_vpc.main"
          ]
        }
      ]
    },
    {
      "module": "module.vpc",
      "mode": "managed",
      "type": "aws_route_table_association",
      "name": "public-1",
      "provider": "provider.aws",
      "instances": [
        {
          "schema_version": 0,
          "attributes": {
            "gateway_id": null,
            "id": "rtbassoc-0cb578512a2f96453",
            "route_table_id": "rtb-0242278e4e26f4e49",
            "subnet_id": "subnet-088b9e7779aac8197"
          },
          "private": "bnVsbA==",
          "dependencies": [
            "module.vpc.aws_route_table.public",
            "module.vpc.aws_subnet.public",
            "module.vpc.aws_vpc.main"
          ]
        }
      ]
    },
    {
      "module": "module.vpc",
      "mode": "managed",
      "type": "aws_route_table_association",
      "name": "public-2",
      "provider": "provider.aws",
      "instances": [
        {
          "schema_version": 0,
          "attributes": {
            "gateway_id": null,
            "id": "rtbassoc-030cdb63bd8b746f0",
            "route_table_id": "rtb-0242278e4e26f4e49",
            "subnet_id": "subnet-050f3c9c1d0852879"
          },
          "private": "bnVsbA==",
          "dependencies": [
            "module.vpc.aws_route_table.public",
            "module.vpc.aws_subnet.public",
            "module.vpc.aws_vpc.main"
          ]
        }
      ]
    },
    {
      "module": "module.vpc",
      "mode": "managed",
      "type": "aws_subnet",
      "name": "private",
      "each": "list",
      "provider": "provider.aws",
      "instances": [
        {
          "index_key": 0,
          "schema_version": 1,
          "attributes": {
            "arn": "arn:aws:ec2:eu-west-2:626298535712:subnet/subnet-02438ecf3e2bbc876",
            "assign_ipv6_address_on_creation": false,
            "availability_zone": "eu-west-2a",
            "availability_zone_id": "euw2-az2",
            "cidr_block": "10.0.3.0/24",
            "id": "subnet-02438ecf3e2bbc876",
            "ipv6_cidr_block": "",
            "ipv6_cidr_block_association_id": "",
            "map_public_ip_on_launch": false,
            "owner_id": "626298535712",
            "tags": {
              "Name": "VOLUME-MOUNT-TEST-Private-A",
              "Type": "Private",
              "application": "volume-mount-test"
            },
            "timeouts": null,
            "vpc_id": "vpc-0a3aa5da552461ea0"
          },
          "private": "eyJlMmJmYjczMC1lY2FhLTExZTYtOGY4OC0zNDM2M2JjN2M0YzAiOnsiY3JlYXRlIjo2MDAwMDAwMDAwMDAsImRlbGV0ZSI6MTIwMDAwMDAwMDAwMH0sInNjaGVtYV92ZXJzaW9uIjoiMSJ9",
          "dependencies": [
            "module.vpc.aws_vpc.main"
          ]
        },
        {
          "index_key": 1,
          "schema_version": 1,
          "attributes": {
            "arn": "arn:aws:ec2:eu-west-2:626298535712:subnet/subnet-075401be8159a0bf8",
            "assign_ipv6_address_on_creation": false,
            "availability_zone": "eu-west-2b",
            "availability_zone_id": "euw2-az3",
            "cidr_block": "10.0.4.0/24",
            "id": "subnet-075401be8159a0bf8",
            "ipv6_cidr_block": "",
            "ipv6_cidr_block_association_id": "",
            "map_public_ip_on_launch": false,
            "owner_id": "626298535712",
            "tags": {
              "Name": "VOLUME-MOUNT-TEST-Private-B",
              "Type": "Private",
              "application": "volume-mount-test"
            },
            "timeouts": null,
            "vpc_id": "vpc-0a3aa5da552461ea0"
          },
          "private": "eyJlMmJmYjczMC1lY2FhLTExZTYtOGY4OC0zNDM2M2JjN2M0YzAiOnsiY3JlYXRlIjo2MDAwMDAwMDAwMDAsImRlbGV0ZSI6MTIwMDAwMDAwMDAwMH0sInNjaGVtYV92ZXJzaW9uIjoiMSJ9",
          "dependencies": [
            "module.vpc.aws_vpc.main"
          ]
        },
        {
          "index_key": 2,
          "schema_version": 1,
          "attributes": {
            "arn": "arn:aws:ec2:eu-west-2:626298535712:subnet/subnet-0884be848ce20a2af",
            "assign_ipv6_address_on_creation": false,
            "availability_zone": "eu-west-2c",
            "availability_zone_id": "euw2-az1",
            "cidr_block": "10.0.5.0/24",
            "id": "subnet-0884be848ce20a2af",
            "ipv6_cidr_block": "",
            "ipv6_cidr_block_association_id": "",
            "map_public_ip_on_launch": false,
            "owner_id": "626298535712",
            "tags": {
              "Name": "VOLUME-MOUNT-TEST-Private-C",
              "Type": "Private",
              "application": "volume-mount-test"
            },
            "timeouts": null,
            "vpc_id": "vpc-0a3aa5da552461ea0"
          },
          "private": "eyJlMmJmYjczMC1lY2FhLTExZTYtOGY4OC0zNDM2M2JjN2M0YzAiOnsiY3JlYXRlIjo2MDAwMDAwMDAwMDAsImRlbGV0ZSI6MTIwMDAwMDAwMDAwMH0sInNjaGVtYV92ZXJzaW9uIjoiMSJ9",
          "dependencies": [
            "module.vpc.aws_vpc.main"
          ]
        }
      ]
    },
    {
      "module": "module.vpc",
      "mode": "managed",
      "type": "aws_subnet",
      "name": "public",
      "each": "list",
      "provider": "provider.aws",
      "instances": [
        {
          "index_key": 0,
          "schema_version": 1,
          "attributes": {
            "arn": "arn:aws:ec2:eu-west-2:626298535712:subnet/subnet-04a680c490cdb57e1",
            "assign_ipv6_address_on_creation": false,
            "availability_zone": "eu-west-2a",
            "availability_zone_id": "euw2-az2",
            "cidr_block": "10.0.0.0/24",
            "id": "subnet-04a680c490cdb57e1",
            "ipv6_cidr_block": "",
            "ipv6_cidr_block_association_id": "",
            "map_public_ip_on_launch": false,
            "owner_id": "626298535712",
            "tags": {
              "Name": "VOLUME-MOUNT-TEST-Public-A",
              "Type": "Public",
              "application": "volume-mount-test"
            },
            "timeouts": null,
            "vpc_id": "vpc-0a3aa5da552461ea0"
          },
          "private": "eyJlMmJmYjczMC1lY2FhLTExZTYtOGY4OC0zNDM2M2JjN2M0YzAiOnsiY3JlYXRlIjo2MDAwMDAwMDAwMDAsImRlbGV0ZSI6MTIwMDAwMDAwMDAwMH0sInNjaGVtYV92ZXJzaW9uIjoiMSJ9",
          "dependencies": [
            "module.vpc.aws_vpc.main"
          ]
        },
        {
          "index_key": 1,
          "schema_version": 1,
          "attributes": {
            "arn": "arn:aws:ec2:eu-west-2:626298535712:subnet/subnet-088b9e7779aac8197",
            "assign_ipv6_address_on_creation": false,
            "availability_zone": "eu-west-2b",
            "availability_zone_id": "euw2-az3",
            "cidr_block": "10.0.1.0/24",
            "id": "subnet-088b9e7779aac8197",
            "ipv6_cidr_block": "",
            "ipv6_cidr_block_association_id": "",
            "map_public_ip_on_launch": false,
            "owner_id": "626298535712",
            "tags": {
              "Name": "VOLUME-MOUNT-TEST-Public-B",
              "Type": "Public",
              "application": "volume-mount-test"
            },
            "timeouts": null,
            "vpc_id": "vpc-0a3aa5da552461ea0"
          },
          "private": "eyJlMmJmYjczMC1lY2FhLTExZTYtOGY4OC0zNDM2M2JjN2M0YzAiOnsiY3JlYXRlIjo2MDAwMDAwMDAwMDAsImRlbGV0ZSI6MTIwMDAwMDAwMDAwMH0sInNjaGVtYV92ZXJzaW9uIjoiMSJ9",
          "dependencies": [
            "module.vpc.aws_vpc.main"
          ]
        },
        {
          "index_key": 2,
          "schema_version": 1,
          "attributes": {
            "arn": "arn:aws:ec2:eu-west-2:626298535712:subnet/subnet-050f3c9c1d0852879",
            "assign_ipv6_address_on_creation": false,
            "availability_zone": "eu-west-2c",
            "availability_zone_id": "euw2-az1",
            "cidr_block": "10.0.2.0/24",
            "id": "subnet-050f3c9c1d0852879",
            "ipv6_cidr_block": "",
            "ipv6_cidr_block_association_id": "",
            "map_public_ip_on_launch": false,
            "owner_id": "626298535712",
            "tags": {
              "Name": "VOLUME-MOUNT-TEST-Public-C",
              "Type": "Public",
              "application": "volume-mount-test"
            },
            "timeouts": null,
            "vpc_id": "vpc-0a3aa5da552461ea0"
          },
          "private": "eyJlMmJmYjczMC1lY2FhLTExZTYtOGY4OC0zNDM2M2JjN2M0YzAiOnsiY3JlYXRlIjo2MDAwMDAwMDAwMDAsImRlbGV0ZSI6MTIwMDAwMDAwMDAwMH0sInNjaGVtYV92ZXJzaW9uIjoiMSJ9",
          "dependencies": [
            "module.vpc.aws_vpc.main"
          ]
        }
      ]
    },
    {
      "mode": "managed",
      "type": "aws_volume_attachment",
      "name": "volume-mount-test",
      "each": "list",
      "provider": "provider.aws",
      "instances": [
        {
          "index_key": 0,
          "schema_version": 0,
          "attributes": {
            "device_name": "/dev/xvdp",
            "force_detach": null,
            "id": "vai-351451166",
            "instance_id": "i-0c683a68c7fea0d12",
            "skip_destroy": null,
            "volume_id": "vol-089aefb08a458bdb9"
          },
          "private": "bnVsbA==",
          "dependencies": [
            "aws_ebs_volume.volume-mount-test",
            "aws_iam_instance_profile.volume-mount-test",
            "aws_iam_role.volume-mount-test",
            "aws_instance.volume-mount-test",
            "module.vpc.aws_subnet.private",
            "module.vpc.aws_vpc.main"
          ]
        },
        {
          "index_key": 1,
          "schema_version": 0,
          "attributes": {
            "device_name": "/dev/xvdp",
            "force_detach": null,
            "id": "vai-3296437397",
            "instance_id": "i-0731af7c8e012a1b0",
            "skip_destroy": null,
            "volume_id": "vol-0059a6449e160d474"
          },
          "private": "bnVsbA==",
          "dependencies": [
            "aws_ebs_volume.volume-mount-test",
            "aws_iam_instance_profile.volume-mount-test",
            "aws_iam_role.volume-mount-test",
            "aws_instance.volume-mount-test",
            "module.vpc.aws_subnet.private",
            "module.vpc.aws_vpc.main"
          ]
        },
        {
          "index_key": 2,
          "schema_version": 0,
          "attributes": {
            "device_name": "/dev/xvdp",
            "force_detach": null,
            "id": "vai-3406313481",
            "instance_id": "i-028910dfd80bd23e0",
            "skip_destroy": null,
            "volume_id": "vol-0aa722ff9203b7217"
          },
          "private": "bnVsbA==",
          "dependencies": [
            "aws_ebs_volume.volume-mount-test",
            "aws_iam_instance_profile.volume-mount-test",
            "aws_iam_role.volume-mount-test",
            "aws_instance.volume-mount-test",
            "module.vpc.aws_subnet.private",
            "module.vpc.aws_vpc.main"
          ]
        }
      ]
    },
    {
      "module": "module.vpc",
      "mode": "managed",
      "type": "aws_vpc",
      "name": "main",
      "provider": "provider.aws",
      "instances": [
        {
          "schema_version": 1,
          "attributes": {
            "arn": "arn:aws:ec2:eu-west-2:626298535712:vpc/vpc-0a3aa5da552461ea0",
            "assign_generated_ipv6_cidr_block": false,
            "cidr_block": "10.0.0.0/21",
            "default_network_acl_id": "acl-02ae24069a8710d5a",
            "default_route_table_id": "rtb-0f1525409f5c523f7",
            "default_security_group_id": "sg-02ff4a3b1b2c5f852",
            "dhcp_options_id": "dopt-f642ac9f",
            "enable_classiclink": null,
            "enable_classiclink_dns_support": null,
            "enable_dns_hostnames": true,
            "enable_dns_support": true,
            "id": "vpc-0a3aa5da552461ea0",
            "instance_tenancy": "default",
            "ipv6_association_id": "",
            "ipv6_cidr_block": "",
            "main_route_table_id": "rtb-0f1525409f5c523f7",
            "owner_id": "626298535712",
            "tags": {
              "Name": "VOLUME-MOUNT-TEST",
              "application": "volume-mount-test"
            }
          },
          "private": "eyJzY2hlbWFfdmVyc2lvbiI6IjEifQ=="
        }
      ]
    },
    {
      "module": "module.vpc",
      "mode": "managed",
      "type": "aws_vpn_gateway",
      "name": "vpn_gw",
      "provider": "provider.aws",
      "instances": [
        {
          "schema_version": 0,
          "attributes": {
            "amazon_side_asn": "64512",
            "availability_zone": null,
            "id": "vgw-086699eaa3d3bc8f1",
            "tags": {
              "Name": "VOLUME-MOUNT-TEST-VGW",
              "application": "volume-mount-test"
            },
            "vpc_id": "vpc-0a3aa5da552461ea0"
          },
          "private": "bnVsbA==",
          "dependencies": [
            "module.vpc.aws_vpc.main"
          ]
        }
      ]
    }
  ]
}
